<?xml version="1.0" encoding="utf-8"?>
<Project ToolsVersion="4.0" xmlns="http://schemas.microsoft.com/developer/msbuild/2003">
  <ItemGroup>
    <ClCompile Include="src\ofApp.cpp">
      <Filter>src</Filter>
    </ClCompile>
    <ClCompile Include="src\main.cpp">
      <Filter>src</Filter>
    </ClCompile>
    <ClCompile Include="..\..\..\of_v0.11.2_vs2017_release\addons\ofxGui\src\ofxBaseGui.cpp">
      <Filter>addons\ofxGui\src</Filter>
    </ClCompile>
    <ClCompile Include="..\..\..\of_v0.11.2_vs2017_release\addons\ofxGui\src\ofxButton.cpp">
      <Filter>addons\ofxGui\src</Filter>
    </ClCompile>
    <ClCompile Include="..\..\..\of_v0.11.2_vs2017_release\addons\ofxGui\src\ofxColorPicker.cpp">
      <Filter>addons\ofxGui\src</Filter>
    </ClCompile>
    <ClCompile Include="..\..\..\of_v0.11.2_vs2017_release\addons\ofxGui\src\ofxGuiGroup.cpp">
      <Filter>addons\ofxGui\src</Filter>
    </ClCompile>
    <ClCompile Include="..\..\..\of_v0.11.2_vs2017_release\addons\ofxGui\src\ofxInputField.cpp">
      <Filter>addons\ofxGui\src</Filter>
    </ClCompile>
    <ClCompile Include="..\..\..\of_v0.11.2_vs2017_release\addons\ofxGui\src\ofxLabel.cpp">
      <Filter>addons\ofxGui\src</Filter>
    </ClCompile>
    <ClCompile Include="..\..\..\of_v0.11.2_vs2017_release\addons\ofxGui\src\ofxPanel.cpp">
      <Filter>addons\ofxGui\src</Filter>
    </ClCompile>
    <ClCompile Include="..\..\..\of_v0.11.2_vs2017_release\addons\ofxGui\src\ofxSlider.cpp">
      <Filter>addons\ofxGui\src</Filter>
    </ClCompile>
    <ClCompile Include="..\..\..\of_v0.11.2_vs2017_release\addons\ofxGui\src\ofxSliderGroup.cpp">
      <Filter>addons\ofxGui\src</Filter>
    </ClCompile>
    <ClCompile Include="..\..\..\of_v0.11.2_vs2017_release\addons\ofxGui\src\ofxToggle.cpp">
      <Filter>addons\ofxGui\src</Filter>
    </ClCompile>
    <ClCompile Include="..\..\..\of_v0.11.2_vs2017_release\addons\ofxOpenCv\src\ofxCvColorImage.cpp">
      <Filter>addons\ofxOpenCv\src</Filter>
    </ClCompile>
    <ClCompile Include="..\..\..\of_v0.11.2_vs2017_release\addons\ofxOpenCv\src\ofxCvContourFinder.cpp">
      <Filter>addons\ofxOpenCv\src</Filter>
    </ClCompile>
    <ClCompile Include="..\..\..\of_v0.11.2_vs2017_release\addons\ofxOpenCv\src\ofxCvFloatImage.cpp">
      <Filter>addons\ofxOpenCv\src</Filter>
    </ClCompile>
    <ClCompile Include="..\..\..\of_v0.11.2_vs2017_release\addons\ofxOpenCv\src\ofxCvGrayscaleImage.cpp">
      <Filter>addons\ofxOpenCv\src</Filter>
    </ClCompile>
    <ClCompile Include="..\..\..\of_v0.11.2_vs2017_release\addons\ofxOpenCv\src\ofxCvHaarFinder.cpp">
      <Filter>addons\ofxOpenCv\src</Filter>
    </ClCompile>
    <ClCompile Include="..\..\..\of_v0.11.2_vs2017_release\addons\ofxOpenCv\src\ofxCvImage.cpp">
      <Filter>addons\ofxOpenCv\src</Filter>
    </ClCompile>
    <ClCompile Include="..\..\..\of_v0.11.2_vs2017_release\addons\ofxOpenCv\src\ofxCvShortImage.cpp">
      <Filter>addons\ofxOpenCv\src</Filter>
    </ClCompile>
    <ClCompile Include="src\obstacle.cpp">
      <Filter>src</Filter>
    </ClCompile>
    <ClCompile Include="src\Robot.cpp">
      <Filter>src</Filter>
    </ClCompile>
    <ClCompile Include="src\SamplingMotionPlanning.cpp">
      <Filter>src</Filter>
    </ClCompile>
    <ClCompile Include="src\MultiRobot.cpp">
      <Filter>src</Filter>
    </ClCompile>
    <ClCompile Include="src\Environment.cpp">
      <Filter>src</Filter>
    </ClCompile>
  </ItemGroup>
  <ItemGroup>
    <Filter Include="src">
      <UniqueIdentifier>{d8376475-7454-4a24-b08a-aac121d3ad6f}</UniqueIdentifier>
    </Filter>
    <Filter Include="addons">
      <UniqueIdentifier>{a1557c58-5dac-4733-a6b3-18c5428c2188}</UniqueIdentifier>
    </Filter>
    <Filter Include="addons\ofxGui">
      <UniqueIdentifier>{91eccb8c-745f-4bbf-b9f6-35d9b8e629ba}</UniqueIdentifier>
    </Filter>
    <Filter Include="addons\ofxGui\src">
      <UniqueIdentifier>{aa7473d6-f004-4497-a3f8-8df329b49261}</UniqueIdentifier>
    </Filter>
    <Filter Include="addons\ofxOpenCv">
      <UniqueIdentifier>{d621a7ac-7a1c-44f7-a91b-7cf38703997d}</UniqueIdentifier>
    </Filter>
    <Filter Include="addons\ofxOpenCv\src">
      <UniqueIdentifier>{51432f55-001c-4c86-a79f-8c4cc229e5eb}</UniqueIdentifier>
    </Filter>
    <Filter Include="addons\ofxOpenCv\libs">
      <UniqueIdentifier>{a7a6a6f6-0f8a-4db6-a3f9-24566f5b5b1e}</UniqueIdentifier>
    </Filter>
    <Filter Include="addons\ofxOpenCv\libs\ippicv">
      <UniqueIdentifier>{5137cd53-0186-4ff5-972e-c78d1f37eb93}</UniqueIdentifier>
    </Filter>
    <Filter Include="addons\ofxOpenCv\libs\ippicv\include">
      <UniqueIdentifier>{9d8678a1-e8a8-4496-8647-6a5b183d2d56}</UniqueIdentifier>
    </Filter>
    <Filter Include="addons\ofxOpenCv\libs\opencv">
      <UniqueIdentifier>{5c61d904-9cb1-4c83-a225-c04d9a4a5fb1}</UniqueIdentifier>
    </Filter>
    <Filter Include="addons\ofxOpenCv\libs\opencv\include">
      <UniqueIdentifier>{5e78cf23-dd6c-4ee6-a7e5-b1697d722163}</UniqueIdentifier>
    </Filter>
    <Filter Include="addons\ofxOpenCv\libs\opencv\include\opencv2">
      <UniqueIdentifier>{97735769-88b0-4af8-a0fd-7b4442f916d4}</UniqueIdentifier>
    </Filter>
    <Filter Include="addons\ofxOpenCv\libs\opencv\include\opencv2\calib3d">
      <UniqueIdentifier>{2f8e3dd8-f36e-45c1-b446-2c7dced57995}</UniqueIdentifier>
    </Filter>
    <Filter Include="addons\ofxOpenCv\libs\opencv\include\opencv2\core">
      <UniqueIdentifier>{f1b5c2e7-3eb7-4dbe-b710-5006de3bc9b2}</UniqueIdentifier>
    </Filter>
    <Filter Include="addons\ofxOpenCv\libs\opencv\include\opencv2\core\cuda">
      <UniqueIdentifier>{fb5861fb-8979-40da-bb7d-4ed3cb75ea83}</UniqueIdentifier>
    </Filter>
    <Filter Include="addons\ofxOpenCv\libs\opencv\include\opencv2\core\cuda\detail">
      <UniqueIdentifier>{951e24f4-1aa2-4959-bd2b-06e8d97ec5f9}</UniqueIdentifier>
    </Filter>
    <Filter Include="addons\ofxOpenCv\libs\opencv\include\opencv2\core\hal">
      <UniqueIdentifier>{d62f11d5-9f3a-48de-9b52-e1d706303556}</UniqueIdentifier>
    </Filter>
    <Filter Include="addons\ofxOpenCv\libs\opencv\include\opencv2\core\opencl">
      <UniqueIdentifier>{7157fe84-8746-489c-9320-186d06deeee4}</UniqueIdentifier>
    </Filter>
    <Filter Include="addons\ofxOpenCv\libs\opencv\include\opencv2\core\opencl\runtime">
      <UniqueIdentifier>{06117220-8d07-4464-878c-cc78d7855a5b}</UniqueIdentifier>
    </Filter>
    <Filter Include="addons\ofxOpenCv\libs\opencv\include\opencv2\core\opencl\runtime\autogenerated">
      <UniqueIdentifier>{1fec44d8-e9c5-4a0f-9345-126f4236ab51}</UniqueIdentifier>
    </Filter>
    <Filter Include="addons\ofxOpenCv\libs\opencv\include\opencv2\core\openvx">
      <UniqueIdentifier>{c5c81eef-a58d-4d86-a3d6-ac61bed32734}</UniqueIdentifier>
    </Filter>
    <Filter Include="addons\ofxOpenCv\libs\opencv\include\opencv2\core\private">
      <UniqueIdentifier>{a8bd07f4-d96a-40fd-9d3d-11270d498145}</UniqueIdentifier>
    </Filter>
    <Filter Include="addons\ofxOpenCv\libs\opencv\include\opencv2\core\utils">
      <UniqueIdentifier>{1ffb3405-d8f2-4150-87c5-13be09db533c}</UniqueIdentifier>
    </Filter>
    <Filter Include="addons\ofxOpenCv\libs\opencv\include\opencv2\dnn">
      <UniqueIdentifier>{7d1cf321-7216-4078-ac12-2fa030a04f80}</UniqueIdentifier>
    </Filter>
    <Filter Include="addons\ofxOpenCv\libs\opencv\include\opencv2\features2d">
      <UniqueIdentifier>{5b23a841-63e7-4807-8c28-003fa37336b9}</UniqueIdentifier>
    </Filter>
    <Filter Include="addons\ofxOpenCv\libs\opencv\include\opencv2\features2d\hal">
      <UniqueIdentifier>{d8ee96d8-f015-4ee6-a999-b743bdb88186}</UniqueIdentifier>
    </Filter>
    <Filter Include="addons\ofxOpenCv\libs\opencv\include\opencv2\flann">
      <UniqueIdentifier>{10041547-dfc3-4c65-9119-904c973dabb6}</UniqueIdentifier>
    </Filter>
    <Filter Include="addons\ofxOpenCv\libs\opencv\include\opencv2\gapi">
      <UniqueIdentifier>{aa3d45fc-98c9-4b02-bbac-96b7521da6bf}</UniqueIdentifier>
    </Filter>
    <Filter Include="addons\ofxOpenCv\libs\opencv\include\opencv2\gapi\cpu">
      <UniqueIdentifier>{a86ac260-72f4-40e9-874b-d77c52ba4d2d}</UniqueIdentifier>
    </Filter>
    <Filter Include="addons\ofxOpenCv\libs\opencv\include\opencv2\gapi\fluid">
      <UniqueIdentifier>{178cc067-550d-46bd-ac79-67bba4d501bd}</UniqueIdentifier>
    </Filter>
    <Filter Include="addons\ofxOpenCv\libs\opencv\include\opencv2\gapi\gpu">
      <UniqueIdentifier>{22cc3aa8-0e2d-450f-9011-1b3b0cb2352c}</UniqueIdentifier>
    </Filter>
    <Filter Include="addons\ofxOpenCv\libs\opencv\include\opencv2\gapi\ocl">
      <UniqueIdentifier>{130985d2-069d-4969-8d30-3b4df724e1e6}</UniqueIdentifier>
    </Filter>
    <Filter Include="addons\ofxOpenCv\libs\opencv\include\opencv2\gapi\own">
      <UniqueIdentifier>{3291fee6-2ce8-4d9a-bbd7-552e0437005b}</UniqueIdentifier>
    </Filter>
    <Filter Include="addons\ofxOpenCv\libs\opencv\include\opencv2\gapi\util">
      <UniqueIdentifier>{b006423f-1217-44d6-a146-8e67264e501e}</UniqueIdentifier>
    </Filter>
    <Filter Include="addons\ofxOpenCv\libs\opencv\include\opencv2\highgui">
      <UniqueIdentifier>{11c5eaed-0aa5-4c25-b556-0ac501c3e9a2}</UniqueIdentifier>
    </Filter>
    <Filter Include="addons\ofxOpenCv\libs\opencv\include\opencv2\imgcodecs">
      <UniqueIdentifier>{7702f209-f7bf-43f5-aff5-9624d0d6f045}</UniqueIdentifier>
    </Filter>
    <Filter Include="addons\ofxOpenCv\libs\opencv\include\opencv2\imgcodecs\legacy">
      <UniqueIdentifier>{a0c9d656-d07e-44ba-ac1b-fe16b273d26e}</UniqueIdentifier>
    </Filter>
    <Filter Include="addons\ofxOpenCv\libs\opencv\include\opencv2\imgproc">
      <UniqueIdentifier>{c03eb2ac-5098-492a-b53c-fa6b49b19e61}</UniqueIdentifier>
    </Filter>
    <Filter Include="addons\ofxOpenCv\libs\opencv\include\opencv2\imgproc\detail">
      <UniqueIdentifier>{51b848a7-2af0-4ba0-b5dc-4037049b58a7}</UniqueIdentifier>
    </Filter>
    <Filter Include="addons\ofxOpenCv\libs\opencv\include\opencv2\imgproc\hal">
      <UniqueIdentifier>{347771a0-1d76-4108-b6c1-4165e4d32ed5}</UniqueIdentifier>
    </Filter>
    <Filter Include="addons\ofxOpenCv\libs\opencv\include\opencv2\ml">
      <UniqueIdentifier>{f6ac2de0-a46d-49bf-a521-99e085b7a974}</UniqueIdentifier>
    </Filter>
    <Filter Include="addons\ofxOpenCv\libs\opencv\include\opencv2\objdetect">
      <UniqueIdentifier>{bf01bf73-328d-4120-bfc0-c44a2ed41a6f}</UniqueIdentifier>
    </Filter>
    <Filter Include="addons\ofxOpenCv\libs\opencv\include\opencv2\photo">
      <UniqueIdentifier>{afebcedd-3f80-4d63-b092-03bfc41b2d6b}</UniqueIdentifier>
    </Filter>
    <Filter Include="addons\ofxOpenCv\libs\opencv\include\opencv2\photo\legacy">
      <UniqueIdentifier>{9895a0fa-9eb5-4722-9d78-2e0a8a42436e}</UniqueIdentifier>
    </Filter>
    <Filter Include="addons\ofxOpenCv\libs\opencv\include\opencv2\stitching">
      <UniqueIdentifier>{646dcaa8-0508-4a2d-90ef-e9b626455f38}</UniqueIdentifier>
    </Filter>
    <Filter Include="addons\ofxOpenCv\libs\opencv\include\opencv2\stitching\detail">
      <UniqueIdentifier>{696bec3a-4adb-4aa8-aedd-27507c97e554}</UniqueIdentifier>
    </Filter>
    <Filter Include="addons\ofxOpenCv\libs\opencv\include\opencv2\ts">
      <UniqueIdentifier>{898aab9a-d5a9-445d-be50-7d979c7cb720}</UniqueIdentifier>
    </Filter>
    <Filter Include="addons\ofxOpenCv\libs\opencv\include\opencv2\video">
      <UniqueIdentifier>{73a1fde2-5291-4b1d-acab-814994f00b55}</UniqueIdentifier>
    </Filter>
    <Filter Include="addons\ofxOpenCv\libs\opencv\include\opencv2\video\legacy">
      <UniqueIdentifier>{0271374f-e49c-4868-95f9-32278af27ca1}</UniqueIdentifier>
    </Filter>
    <Filter Include="addons\ofxOpenCv\libs\opencv\include\opencv2\videoio">
      <UniqueIdentifier>{3c980ecc-7584-4192-9ee2-bf6c77b03a07}</UniqueIdentifier>
    </Filter>
    <Filter Include="addons\ofxOpenCv\libs\opencv\include\opencv2\videoio\legacy">
      <UniqueIdentifier>{cb658a50-53ac-450b-9348-58a2d3e0cb77}</UniqueIdentifier>
    </Filter>
  </ItemGroup>
  <ItemGroup>
    <ClInclude Include="src\ofApp.h">
      <Filter>src</Filter>
    </ClInclude>
    <ClInclude Include="..\..\..\of_v0.11.2_vs2017_release\addons\ofxGui\src\ofxBaseGui.h">
      <Filter>addons\ofxGui\src</Filter>
    </ClInclude>
    <ClInclude Include="..\..\..\of_v0.11.2_vs2017_release\addons\ofxGui\src\ofxButton.h">
      <Filter>addons\ofxGui\src</Filter>
    </ClInclude>
    <ClInclude Include="..\..\..\of_v0.11.2_vs2017_release\addons\ofxGui\src\ofxColorPicker.h">
      <Filter>addons\ofxGui\src</Filter>
    </ClInclude>
    <ClInclude Include="..\..\..\of_v0.11.2_vs2017_release\addons\ofxGui\src\ofxGui.h">
      <Filter>addons\ofxGui\src</Filter>
    </ClInclude>
    <ClInclude Include="..\..\..\of_v0.11.2_vs2017_release\addons\ofxGui\src\ofxGuiGroup.h">
      <Filter>addons\ofxGui\src</Filter>
    </ClInclude>
    <ClInclude Include="..\..\..\of_v0.11.2_vs2017_release\addons\ofxGui\src\ofxGuiUtils.h">
      <Filter>addons\ofxGui\src</Filter>
    </ClInclude>
    <ClInclude Include="..\..\..\of_v0.11.2_vs2017_release\addons\ofxGui\src\ofxInputField.h">
      <Filter>addons\ofxGui\src</Filter>
    </ClInclude>
    <ClInclude Include="..\..\..\of_v0.11.2_vs2017_release\addons\ofxGui\src\ofxLabel.h">
      <Filter>addons\ofxGui\src</Filter>
    </ClInclude>
    <ClInclude Include="..\..\..\of_v0.11.2_vs2017_release\addons\ofxGui\src\ofxPanel.h">
      <Filter>addons\ofxGui\src</Filter>
    </ClInclude>
    <ClInclude Include="..\..\..\of_v0.11.2_vs2017_release\addons\ofxGui\src\ofxSlider.h">
      <Filter>addons\ofxGui\src</Filter>
    </ClInclude>
    <ClInclude Include="..\..\..\of_v0.11.2_vs2017_release\addons\ofxGui\src\ofxSliderGroup.h">
      <Filter>addons\ofxGui\src</Filter>
    </ClInclude>
    <ClInclude Include="..\..\..\of_v0.11.2_vs2017_release\addons\ofxGui\src\ofxToggle.h">
      <Filter>addons\ofxGui\src</Filter>
    </ClInclude>
    <ClInclude Include="..\..\..\of_v0.11.2_vs2017_release\addons\ofxOpenCv\src\ofxCvBlob.h">
      <Filter>addons\ofxOpenCv\src</Filter>
    </ClInclude>
    <ClInclude Include="..\..\..\of_v0.11.2_vs2017_release\addons\ofxOpenCv\src\ofxCvColorImage.h">
      <Filter>addons\ofxOpenCv\src</Filter>
    </ClInclude>
    <ClInclude Include="..\..\..\of_v0.11.2_vs2017_release\addons\ofxOpenCv\src\ofxCvConstants.h">
      <Filter>addons\ofxOpenCv\src</Filter>
    </ClInclude>
    <ClInclude Include="..\..\..\of_v0.11.2_vs2017_release\addons\ofxOpenCv\src\ofxCvContourFinder.h">
      <Filter>addons\ofxOpenCv\src</Filter>
    </ClInclude>
    <ClInclude Include="..\..\..\of_v0.11.2_vs2017_release\addons\ofxOpenCv\src\ofxCvFloatImage.h">
      <Filter>addons\ofxOpenCv\src</Filter>
    </ClInclude>
    <ClInclude Include="..\..\..\of_v0.11.2_vs2017_release\addons\ofxOpenCv\src\ofxCvGrayscaleImage.h">
      <Filter>addons\ofxOpenCv\src</Filter>
    </ClInclude>
    <ClInclude Include="..\..\..\of_v0.11.2_vs2017_release\addons\ofxOpenCv\src\ofxCvHaarFinder.h">
      <Filter>addons\ofxOpenCv\src</Filter>
    </ClInclude>
    <ClInclude Include="..\..\..\of_v0.11.2_vs2017_release\addons\ofxOpenCv\src\ofxCvImage.h">
      <Filter>addons\ofxOpenCv\src</Filter>
    </ClInclude>
    <ClInclude Include="..\..\..\of_v0.11.2_vs2017_release\addons\ofxOpenCv\src\ofxCvShortImage.h">
      <Filter>addons\ofxOpenCv\src</Filter>
    </ClInclude>
    <ClInclude Include="..\..\..\of_v0.11.2_vs2017_release\addons\ofxOpenCv\src\ofxOpenCv.h">
      <Filter>addons\ofxOpenCv\src</Filter>
    </ClInclude>
    <ClInclude Include="..\..\..\of_v0.11.2_vs2017_release\addons\ofxOpenCv\libs\ippicv\include\ippicv.h">
      <Filter>addons\ofxOpenCv\libs\ippicv\include</Filter>
    </ClInclude>
    <ClInclude Include="..\..\..\of_v0.11.2_vs2017_release\addons\ofxOpenCv\libs\ippicv\include\ippicv_base.h">
      <Filter>addons\ofxOpenCv\libs\ippicv\include</Filter>
    </ClInclude>
    <ClInclude Include="..\..\..\of_v0.11.2_vs2017_release\addons\ofxOpenCv\libs\ippicv\include\ippicv_defs.h">
      <Filter>addons\ofxOpenCv\libs\ippicv\include</Filter>
    </ClInclude>
    <ClInclude Include="..\..\..\of_v0.11.2_vs2017_release\addons\ofxOpenCv\libs\ippicv\include\ippicv_defs_l.h">
      <Filter>addons\ofxOpenCv\libs\ippicv\include</Filter>
    </ClInclude>
    <ClInclude Include="..\..\..\of_v0.11.2_vs2017_release\addons\ofxOpenCv\libs\ippicv\include\ippicv_l.h">
      <Filter>addons\ofxOpenCv\libs\ippicv\include</Filter>
    </ClInclude>
    <ClInclude Include="..\..\..\of_v0.11.2_vs2017_release\addons\ofxOpenCv\libs\ippicv\include\ippicv_redefs.h">
      <Filter>addons\ofxOpenCv\libs\ippicv\include</Filter>
    </ClInclude>
    <ClInclude Include="..\..\..\of_v0.11.2_vs2017_release\addons\ofxOpenCv\libs\ippicv\include\ippicv_types.h">
      <Filter>addons\ofxOpenCv\libs\ippicv\include</Filter>
    </ClInclude>
    <ClInclude Include="..\..\..\of_v0.11.2_vs2017_release\addons\ofxOpenCv\libs\ippicv\include\ippicv_types_l.h">
      <Filter>addons\ofxOpenCv\libs\ippicv\include</Filter>
    </ClInclude>
    <ClInclude Include="..\..\..\of_v0.11.2_vs2017_release\addons\ofxOpenCv\libs\ippicv\include\ippversion.h">
      <Filter>addons\ofxOpenCv\libs\ippicv\include</Filter>
    </ClInclude>
    <ClInclude Include="..\..\..\of_v0.11.2_vs2017_release\addons\ofxOpenCv\libs\opencv\include\opencv2\cvconfig.h">
      <Filter>addons\ofxOpenCv\libs\opencv\include\opencv2</Filter>
    </ClInclude>
    <ClInclude Include="..\..\..\of_v0.11.2_vs2017_release\addons\ofxOpenCv\libs\opencv\include\opencv2\calib3d.hpp">
      <Filter>addons\ofxOpenCv\libs\opencv\include\opencv2</Filter>
    </ClInclude>
    <ClInclude Include="..\..\..\of_v0.11.2_vs2017_release\addons\ofxOpenCv\libs\opencv\include\opencv2\core.hpp">
      <Filter>addons\ofxOpenCv\libs\opencv\include\opencv2</Filter>
    </ClInclude>
    <ClInclude Include="..\..\..\of_v0.11.2_vs2017_release\addons\ofxOpenCv\libs\opencv\include\opencv2\dnn.hpp">
      <Filter>addons\ofxOpenCv\libs\opencv\include\opencv2</Filter>
    </ClInclude>
    <ClInclude Include="..\..\..\of_v0.11.2_vs2017_release\addons\ofxOpenCv\libs\opencv\include\opencv2\features2d.hpp">
      <Filter>addons\ofxOpenCv\libs\opencv\include\opencv2</Filter>
    </ClInclude>
    <ClInclude Include="..\..\..\of_v0.11.2_vs2017_release\addons\ofxOpenCv\libs\opencv\include\opencv2\flann.hpp">
      <Filter>addons\ofxOpenCv\libs\opencv\include\opencv2</Filter>
    </ClInclude>
    <ClInclude Include="..\..\..\of_v0.11.2_vs2017_release\addons\ofxOpenCv\libs\opencv\include\opencv2\gapi.hpp">
      <Filter>addons\ofxOpenCv\libs\opencv\include\opencv2</Filter>
    </ClInclude>
    <ClInclude Include="..\..\..\of_v0.11.2_vs2017_release\addons\ofxOpenCv\libs\opencv\include\opencv2\highgui.hpp">
      <Filter>addons\ofxOpenCv\libs\opencv\include\opencv2</Filter>
    </ClInclude>
    <ClInclude Include="..\..\..\of_v0.11.2_vs2017_release\addons\ofxOpenCv\libs\opencv\include\opencv2\imgcodecs.hpp">
      <Filter>addons\ofxOpenCv\libs\opencv\include\opencv2</Filter>
    </ClInclude>
    <ClInclude Include="..\..\..\of_v0.11.2_vs2017_release\addons\ofxOpenCv\libs\opencv\include\opencv2\imgproc.hpp">
      <Filter>addons\ofxOpenCv\libs\opencv\include\opencv2</Filter>
    </ClInclude>
    <ClInclude Include="..\..\..\of_v0.11.2_vs2017_release\addons\ofxOpenCv\libs\opencv\include\opencv2\ml.hpp">
      <Filter>addons\ofxOpenCv\libs\opencv\include\opencv2</Filter>
    </ClInclude>
    <ClInclude Include="..\..\..\of_v0.11.2_vs2017_release\addons\ofxOpenCv\libs\opencv\include\opencv2\objdetect.hpp">
      <Filter>addons\ofxOpenCv\libs\opencv\include\opencv2</Filter>
    </ClInclude>
    <ClInclude Include="..\..\..\of_v0.11.2_vs2017_release\addons\ofxOpenCv\libs\opencv\include\opencv2\opencv.hpp">
      <Filter>addons\ofxOpenCv\libs\opencv\include\opencv2</Filter>
    </ClInclude>
    <ClInclude Include="..\..\..\of_v0.11.2_vs2017_release\addons\ofxOpenCv\libs\opencv\include\opencv2\opencv_modules.hpp">
      <Filter>addons\ofxOpenCv\libs\opencv\include\opencv2</Filter>
    </ClInclude>
    <ClInclude Include="..\..\..\of_v0.11.2_vs2017_release\addons\ofxOpenCv\libs\opencv\include\opencv2\photo.hpp">
      <Filter>addons\ofxOpenCv\libs\opencv\include\opencv2</Filter>
    </ClInclude>
    <ClInclude Include="..\..\..\of_v0.11.2_vs2017_release\addons\ofxOpenCv\libs\opencv\include\opencv2\stitching.hpp">
      <Filter>addons\ofxOpenCv\libs\opencv\include\opencv2</Filter>
    </ClInclude>
    <ClInclude Include="..\..\..\of_v0.11.2_vs2017_release\addons\ofxOpenCv\libs\opencv\include\opencv2\ts.hpp">
      <Filter>addons\ofxOpenCv\libs\opencv\include\opencv2</Filter>
    </ClInclude>
    <ClInclude Include="..\..\..\of_v0.11.2_vs2017_release\addons\ofxOpenCv\libs\opencv\include\opencv2\video.hpp">
      <Filter>addons\ofxOpenCv\libs\opencv\include\opencv2</Filter>
    </ClInclude>
    <ClInclude Include="..\..\..\of_v0.11.2_vs2017_release\addons\ofxOpenCv\libs\opencv\include\opencv2\videoio.hpp">
      <Filter>addons\ofxOpenCv\libs\opencv\include\opencv2</Filter>
    </ClInclude>
    <ClInclude Include="..\..\..\of_v0.11.2_vs2017_release\addons\ofxOpenCv\libs\opencv\include\opencv2\world.hpp">
      <Filter>addons\ofxOpenCv\libs\opencv\include\opencv2</Filter>
    </ClInclude>
    <ClInclude Include="..\..\..\of_v0.11.2_vs2017_release\addons\ofxOpenCv\libs\opencv\include\opencv2\calib3d\calib3d_c.h">
      <Filter>addons\ofxOpenCv\libs\opencv\include\opencv2\calib3d</Filter>
    </ClInclude>
    <ClInclude Include="..\..\..\of_v0.11.2_vs2017_release\addons\ofxOpenCv\libs\opencv\include\opencv2\calib3d\calib3d.hpp">
      <Filter>addons\ofxOpenCv\libs\opencv\include\opencv2\calib3d</Filter>
    </ClInclude>
    <ClInclude Include="..\..\..\of_v0.11.2_vs2017_release\addons\ofxOpenCv\libs\opencv\include\opencv2\core\core_c.h">
      <Filter>addons\ofxOpenCv\libs\opencv\include\opencv2\core</Filter>
    </ClInclude>
    <ClInclude Include="..\..\..\of_v0.11.2_vs2017_release\addons\ofxOpenCv\libs\opencv\include\opencv2\core\cvdef.h">
      <Filter>addons\ofxOpenCv\libs\opencv\include\opencv2\core</Filter>
    </ClInclude>
    <ClInclude Include="..\..\..\of_v0.11.2_vs2017_release\addons\ofxOpenCv\libs\opencv\include\opencv2\core\cv_cpu_dispatch.h">
      <Filter>addons\ofxOpenCv\libs\opencv\include\opencv2\core</Filter>
    </ClInclude>
    <ClInclude Include="..\..\..\of_v0.11.2_vs2017_release\addons\ofxOpenCv\libs\opencv\include\opencv2\core\cv_cpu_helper.h">
      <Filter>addons\ofxOpenCv\libs\opencv\include\opencv2\core</Filter>
    </ClInclude>
    <ClInclude Include="..\..\..\of_v0.11.2_vs2017_release\addons\ofxOpenCv\libs\opencv\include\opencv2\core\types_c.h">
      <Filter>addons\ofxOpenCv\libs\opencv\include\opencv2\core</Filter>
    </ClInclude>
    <ClInclude Include="..\..\..\of_v0.11.2_vs2017_release\addons\ofxOpenCv\libs\opencv\include\opencv2\core\affine.hpp">
      <Filter>addons\ofxOpenCv\libs\opencv\include\opencv2\core</Filter>
    </ClInclude>
    <ClInclude Include="..\..\..\of_v0.11.2_vs2017_release\addons\ofxOpenCv\libs\opencv\include\opencv2\core\base.hpp">
      <Filter>addons\ofxOpenCv\libs\opencv\include\opencv2\core</Filter>
    </ClInclude>
    <ClInclude Include="..\..\..\of_v0.11.2_vs2017_release\addons\ofxOpenCv\libs\opencv\include\opencv2\core\bindings_utils.hpp">
      <Filter>addons\ofxOpenCv\libs\opencv\include\opencv2\core</Filter>
    </ClInclude>
    <ClInclude Include="..\..\..\of_v0.11.2_vs2017_release\addons\ofxOpenCv\libs\opencv\include\opencv2\core\bufferpool.hpp">
      <Filter>addons\ofxOpenCv\libs\opencv\include\opencv2\core</Filter>
    </ClInclude>
    <ClInclude Include="..\..\..\of_v0.11.2_vs2017_release\addons\ofxOpenCv\libs\opencv\include\opencv2\core\check.hpp">
      <Filter>addons\ofxOpenCv\libs\opencv\include\opencv2\core</Filter>
    </ClInclude>
    <ClInclude Include="..\..\..\of_v0.11.2_vs2017_release\addons\ofxOpenCv\libs\opencv\include\opencv2\core\core.hpp">
      <Filter>addons\ofxOpenCv\libs\opencv\include\opencv2\core</Filter>
    </ClInclude>
    <ClInclude Include="..\..\..\of_v0.11.2_vs2017_release\addons\ofxOpenCv\libs\opencv\include\opencv2\core\cuda.hpp">
      <Filter>addons\ofxOpenCv\libs\opencv\include\opencv2\core</Filter>
    </ClInclude>
    <ClInclude Include="..\..\..\of_v0.11.2_vs2017_release\addons\ofxOpenCv\libs\opencv\include\opencv2\core\cuda.inl.hpp">
      <Filter>addons\ofxOpenCv\libs\opencv\include\opencv2\core</Filter>
    </ClInclude>
    <ClInclude Include="..\..\..\of_v0.11.2_vs2017_release\addons\ofxOpenCv\libs\opencv\include\opencv2\core\cuda_stream_accessor.hpp">
      <Filter>addons\ofxOpenCv\libs\opencv\include\opencv2\core</Filter>
    </ClInclude>
    <ClInclude Include="..\..\..\of_v0.11.2_vs2017_release\addons\ofxOpenCv\libs\opencv\include\opencv2\core\cuda_types.hpp">
      <Filter>addons\ofxOpenCv\libs\opencv\include\opencv2\core</Filter>
    </ClInclude>
    <ClInclude Include="..\..\..\of_v0.11.2_vs2017_release\addons\ofxOpenCv\libs\opencv\include\opencv2\core\cvstd.hpp">
      <Filter>addons\ofxOpenCv\libs\opencv\include\opencv2\core</Filter>
    </ClInclude>
    <ClInclude Include="..\..\..\of_v0.11.2_vs2017_release\addons\ofxOpenCv\libs\opencv\include\opencv2\core\cvstd.inl.hpp">
      <Filter>addons\ofxOpenCv\libs\opencv\include\opencv2\core</Filter>
    </ClInclude>
    <ClInclude Include="..\..\..\of_v0.11.2_vs2017_release\addons\ofxOpenCv\libs\opencv\include\opencv2\core\cvstd_wrapper.hpp">
      <Filter>addons\ofxOpenCv\libs\opencv\include\opencv2\core</Filter>
    </ClInclude>
    <ClInclude Include="..\..\..\of_v0.11.2_vs2017_release\addons\ofxOpenCv\libs\opencv\include\opencv2\core\directx.hpp">
      <Filter>addons\ofxOpenCv\libs\opencv\include\opencv2\core</Filter>
    </ClInclude>
    <ClInclude Include="..\..\..\of_v0.11.2_vs2017_release\addons\ofxOpenCv\libs\opencv\include\opencv2\core\eigen.hpp">
      <Filter>addons\ofxOpenCv\libs\opencv\include\opencv2\core</Filter>
    </ClInclude>
    <ClInclude Include="..\..\..\of_v0.11.2_vs2017_release\addons\ofxOpenCv\libs\opencv\include\opencv2\core\fast_math.hpp">
      <Filter>addons\ofxOpenCv\libs\opencv\include\opencv2\core</Filter>
    </ClInclude>
    <ClInclude Include="..\..\..\of_v0.11.2_vs2017_release\addons\ofxOpenCv\libs\opencv\include\opencv2\core\mat.hpp">
      <Filter>addons\ofxOpenCv\libs\opencv\include\opencv2\core</Filter>
    </ClInclude>
    <ClInclude Include="..\..\..\of_v0.11.2_vs2017_release\addons\ofxOpenCv\libs\opencv\include\opencv2\core\mat.inl.hpp">
      <Filter>addons\ofxOpenCv\libs\opencv\include\opencv2\core</Filter>
    </ClInclude>
    <ClInclude Include="..\..\..\of_v0.11.2_vs2017_release\addons\ofxOpenCv\libs\opencv\include\opencv2\core\matx.hpp">
      <Filter>addons\ofxOpenCv\libs\opencv\include\opencv2\core</Filter>
    </ClInclude>
    <ClInclude Include="..\..\..\of_v0.11.2_vs2017_release\addons\ofxOpenCv\libs\opencv\include\opencv2\core\neon_utils.hpp">
      <Filter>addons\ofxOpenCv\libs\opencv\include\opencv2\core</Filter>
    </ClInclude>
    <ClInclude Include="..\..\..\of_v0.11.2_vs2017_release\addons\ofxOpenCv\libs\opencv\include\opencv2\core\ocl.hpp">
      <Filter>addons\ofxOpenCv\libs\opencv\include\opencv2\core</Filter>
    </ClInclude>
    <ClInclude Include="..\..\..\of_v0.11.2_vs2017_release\addons\ofxOpenCv\libs\opencv\include\opencv2\core\ocl_genbase.hpp">
      <Filter>addons\ofxOpenCv\libs\opencv\include\opencv2\core</Filter>
    </ClInclude>
    <ClInclude Include="..\..\..\of_v0.11.2_vs2017_release\addons\ofxOpenCv\libs\opencv\include\opencv2\core\opengl.hpp">
      <Filter>addons\ofxOpenCv\libs\opencv\include\opencv2\core</Filter>
    </ClInclude>
    <ClInclude Include="..\..\..\of_v0.11.2_vs2017_release\addons\ofxOpenCv\libs\opencv\include\opencv2\core\operations.hpp">
      <Filter>addons\ofxOpenCv\libs\opencv\include\opencv2\core</Filter>
    </ClInclude>
    <ClInclude Include="..\..\..\of_v0.11.2_vs2017_release\addons\ofxOpenCv\libs\opencv\include\opencv2\core\optim.hpp">
      <Filter>addons\ofxOpenCv\libs\opencv\include\opencv2\core</Filter>
    </ClInclude>
    <ClInclude Include="..\..\..\of_v0.11.2_vs2017_release\addons\ofxOpenCv\libs\opencv\include\opencv2\core\ovx.hpp">
      <Filter>addons\ofxOpenCv\libs\opencv\include\opencv2\core</Filter>
    </ClInclude>
    <ClInclude Include="..\..\..\of_v0.11.2_vs2017_release\addons\ofxOpenCv\libs\opencv\include\opencv2\core\persistence.hpp">
      <Filter>addons\ofxOpenCv\libs\opencv\include\opencv2\core</Filter>
    </ClInclude>
    <ClInclude Include="..\..\..\of_v0.11.2_vs2017_release\addons\ofxOpenCv\libs\opencv\include\opencv2\core\private.cuda.hpp">
      <Filter>addons\ofxOpenCv\libs\opencv\include\opencv2\core</Filter>
    </ClInclude>
    <ClInclude Include="..\..\..\of_v0.11.2_vs2017_release\addons\ofxOpenCv\libs\opencv\include\opencv2\core\private.hpp">
      <Filter>addons\ofxOpenCv\libs\opencv\include\opencv2\core</Filter>
    </ClInclude>
    <ClInclude Include="..\..\..\of_v0.11.2_vs2017_release\addons\ofxOpenCv\libs\opencv\include\opencv2\core\saturate.hpp">
      <Filter>addons\ofxOpenCv\libs\opencv\include\opencv2\core</Filter>
    </ClInclude>
    <ClInclude Include="..\..\..\of_v0.11.2_vs2017_release\addons\ofxOpenCv\libs\opencv\include\opencv2\core\softfloat.hpp">
      <Filter>addons\ofxOpenCv\libs\opencv\include\opencv2\core</Filter>
    </ClInclude>
    <ClInclude Include="..\..\..\of_v0.11.2_vs2017_release\addons\ofxOpenCv\libs\opencv\include\opencv2\core\sse_utils.hpp">
      <Filter>addons\ofxOpenCv\libs\opencv\include\opencv2\core</Filter>
    </ClInclude>
    <ClInclude Include="..\..\..\of_v0.11.2_vs2017_release\addons\ofxOpenCv\libs\opencv\include\opencv2\core\traits.hpp">
      <Filter>addons\ofxOpenCv\libs\opencv\include\opencv2\core</Filter>
    </ClInclude>
    <ClInclude Include="..\..\..\of_v0.11.2_vs2017_release\addons\ofxOpenCv\libs\opencv\include\opencv2\core\types.hpp">
      <Filter>addons\ofxOpenCv\libs\opencv\include\opencv2\core</Filter>
    </ClInclude>
    <ClInclude Include="..\..\..\of_v0.11.2_vs2017_release\addons\ofxOpenCv\libs\opencv\include\opencv2\core\utility.hpp">
      <Filter>addons\ofxOpenCv\libs\opencv\include\opencv2\core</Filter>
    </ClInclude>
    <ClInclude Include="..\..\..\of_v0.11.2_vs2017_release\addons\ofxOpenCv\libs\opencv\include\opencv2\core\va_intel.hpp">
      <Filter>addons\ofxOpenCv\libs\opencv\include\opencv2\core</Filter>
    </ClInclude>
    <ClInclude Include="..\..\..\of_v0.11.2_vs2017_release\addons\ofxOpenCv\libs\opencv\include\opencv2\core\version.hpp">
      <Filter>addons\ofxOpenCv\libs\opencv\include\opencv2\core</Filter>
    </ClInclude>
    <ClInclude Include="..\..\..\of_v0.11.2_vs2017_release\addons\ofxOpenCv\libs\opencv\include\opencv2\core\vsx_utils.hpp">
      <Filter>addons\ofxOpenCv\libs\opencv\include\opencv2\core</Filter>
    </ClInclude>
    <ClInclude Include="..\..\..\of_v0.11.2_vs2017_release\addons\ofxOpenCv\libs\opencv\include\opencv2\core\cuda\block.hpp">
      <Filter>addons\ofxOpenCv\libs\opencv\include\opencv2\core\cuda</Filter>
    </ClInclude>
    <ClInclude Include="..\..\..\of_v0.11.2_vs2017_release\addons\ofxOpenCv\libs\opencv\include\opencv2\core\cuda\border_interpolate.hpp">
      <Filter>addons\ofxOpenCv\libs\opencv\include\opencv2\core\cuda</Filter>
    </ClInclude>
    <ClInclude Include="..\..\..\of_v0.11.2_vs2017_release\addons\ofxOpenCv\libs\opencv\include\opencv2\core\cuda\color.hpp">
      <Filter>addons\ofxOpenCv\libs\opencv\include\opencv2\core\cuda</Filter>
    </ClInclude>
    <ClInclude Include="..\..\..\of_v0.11.2_vs2017_release\addons\ofxOpenCv\libs\opencv\include\opencv2\core\cuda\common.hpp">
      <Filter>addons\ofxOpenCv\libs\opencv\include\opencv2\core\cuda</Filter>
    </ClInclude>
    <ClInclude Include="..\..\..\of_v0.11.2_vs2017_release\addons\ofxOpenCv\libs\opencv\include\opencv2\core\cuda\datamov_utils.hpp">
      <Filter>addons\ofxOpenCv\libs\opencv\include\opencv2\core\cuda</Filter>
    </ClInclude>
    <ClInclude Include="..\..\..\of_v0.11.2_vs2017_release\addons\ofxOpenCv\libs\opencv\include\opencv2\core\cuda\dynamic_smem.hpp">
      <Filter>addons\ofxOpenCv\libs\opencv\include\opencv2\core\cuda</Filter>
    </ClInclude>
    <ClInclude Include="..\..\..\of_v0.11.2_vs2017_release\addons\ofxOpenCv\libs\opencv\include\opencv2\core\cuda\emulation.hpp">
      <Filter>addons\ofxOpenCv\libs\opencv\include\opencv2\core\cuda</Filter>
    </ClInclude>
    <ClInclude Include="..\..\..\of_v0.11.2_vs2017_release\addons\ofxOpenCv\libs\opencv\include\opencv2\core\cuda\filters.hpp">
      <Filter>addons\ofxOpenCv\libs\opencv\include\opencv2\core\cuda</Filter>
    </ClInclude>
    <ClInclude Include="..\..\..\of_v0.11.2_vs2017_release\addons\ofxOpenCv\libs\opencv\include\opencv2\core\cuda\funcattrib.hpp">
      <Filter>addons\ofxOpenCv\libs\opencv\include\opencv2\core\cuda</Filter>
    </ClInclude>
    <ClInclude Include="..\..\..\of_v0.11.2_vs2017_release\addons\ofxOpenCv\libs\opencv\include\opencv2\core\cuda\functional.hpp">
      <Filter>addons\ofxOpenCv\libs\opencv\include\opencv2\core\cuda</Filter>
    </ClInclude>
    <ClInclude Include="..\..\..\of_v0.11.2_vs2017_release\addons\ofxOpenCv\libs\opencv\include\opencv2\core\cuda\limits.hpp">
      <Filter>addons\ofxOpenCv\libs\opencv\include\opencv2\core\cuda</Filter>
    </ClInclude>
    <ClInclude Include="..\..\..\of_v0.11.2_vs2017_release\addons\ofxOpenCv\libs\opencv\include\opencv2\core\cuda\reduce.hpp">
      <Filter>addons\ofxOpenCv\libs\opencv\include\opencv2\core\cuda</Filter>
    </ClInclude>
    <ClInclude Include="..\..\..\of_v0.11.2_vs2017_release\addons\ofxOpenCv\libs\opencv\include\opencv2\core\cuda\saturate_cast.hpp">
      <Filter>addons\ofxOpenCv\libs\opencv\include\opencv2\core\cuda</Filter>
    </ClInclude>
    <ClInclude Include="..\..\..\of_v0.11.2_vs2017_release\addons\ofxOpenCv\libs\opencv\include\opencv2\core\cuda\scan.hpp">
      <Filter>addons\ofxOpenCv\libs\opencv\include\opencv2\core\cuda</Filter>
    </ClInclude>
    <ClInclude Include="..\..\..\of_v0.11.2_vs2017_release\addons\ofxOpenCv\libs\opencv\include\opencv2\core\cuda\simd_functions.hpp">
      <Filter>addons\ofxOpenCv\libs\opencv\include\opencv2\core\cuda</Filter>
    </ClInclude>
    <ClInclude Include="..\..\..\of_v0.11.2_vs2017_release\addons\ofxOpenCv\libs\opencv\include\opencv2\core\cuda\transform.hpp">
      <Filter>addons\ofxOpenCv\libs\opencv\include\opencv2\core\cuda</Filter>
    </ClInclude>
    <ClInclude Include="..\..\..\of_v0.11.2_vs2017_release\addons\ofxOpenCv\libs\opencv\include\opencv2\core\cuda\type_traits.hpp">
      <Filter>addons\ofxOpenCv\libs\opencv\include\opencv2\core\cuda</Filter>
    </ClInclude>
    <ClInclude Include="..\..\..\of_v0.11.2_vs2017_release\addons\ofxOpenCv\libs\opencv\include\opencv2\core\cuda\utility.hpp">
      <Filter>addons\ofxOpenCv\libs\opencv\include\opencv2\core\cuda</Filter>
    </ClInclude>
    <ClInclude Include="..\..\..\of_v0.11.2_vs2017_release\addons\ofxOpenCv\libs\opencv\include\opencv2\core\cuda\vec_distance.hpp">
      <Filter>addons\ofxOpenCv\libs\opencv\include\opencv2\core\cuda</Filter>
    </ClInclude>
    <ClInclude Include="..\..\..\of_v0.11.2_vs2017_release\addons\ofxOpenCv\libs\opencv\include\opencv2\core\cuda\vec_math.hpp">
      <Filter>addons\ofxOpenCv\libs\opencv\include\opencv2\core\cuda</Filter>
    </ClInclude>
    <ClInclude Include="..\..\..\of_v0.11.2_vs2017_release\addons\ofxOpenCv\libs\opencv\include\opencv2\core\cuda\vec_traits.hpp">
      <Filter>addons\ofxOpenCv\libs\opencv\include\opencv2\core\cuda</Filter>
    </ClInclude>
    <ClInclude Include="..\..\..\of_v0.11.2_vs2017_release\addons\ofxOpenCv\libs\opencv\include\opencv2\core\cuda\warp.hpp">
      <Filter>addons\ofxOpenCv\libs\opencv\include\opencv2\core\cuda</Filter>
    </ClInclude>
    <ClInclude Include="..\..\..\of_v0.11.2_vs2017_release\addons\ofxOpenCv\libs\opencv\include\opencv2\core\cuda\warp_reduce.hpp">
      <Filter>addons\ofxOpenCv\libs\opencv\include\opencv2\core\cuda</Filter>
    </ClInclude>
    <ClInclude Include="..\..\..\of_v0.11.2_vs2017_release\addons\ofxOpenCv\libs\opencv\include\opencv2\core\cuda\warp_shuffle.hpp">
      <Filter>addons\ofxOpenCv\libs\opencv\include\opencv2\core\cuda</Filter>
    </ClInclude>
    <ClInclude Include="..\..\..\of_v0.11.2_vs2017_release\addons\ofxOpenCv\libs\opencv\include\opencv2\core\cuda\detail\color_detail.hpp">
      <Filter>addons\ofxOpenCv\libs\opencv\include\opencv2\core\cuda\detail</Filter>
    </ClInclude>
    <ClInclude Include="..\..\..\of_v0.11.2_vs2017_release\addons\ofxOpenCv\libs\opencv\include\opencv2\core\cuda\detail\reduce.hpp">
      <Filter>addons\ofxOpenCv\libs\opencv\include\opencv2\core\cuda\detail</Filter>
    </ClInclude>
    <ClInclude Include="..\..\..\of_v0.11.2_vs2017_release\addons\ofxOpenCv\libs\opencv\include\opencv2\core\cuda\detail\reduce_key_val.hpp">
      <Filter>addons\ofxOpenCv\libs\opencv\include\opencv2\core\cuda\detail</Filter>
    </ClInclude>
    <ClInclude Include="..\..\..\of_v0.11.2_vs2017_release\addons\ofxOpenCv\libs\opencv\include\opencv2\core\cuda\detail\transform_detail.hpp">
      <Filter>addons\ofxOpenCv\libs\opencv\include\opencv2\core\cuda\detail</Filter>
    </ClInclude>
    <ClInclude Include="..\..\..\of_v0.11.2_vs2017_release\addons\ofxOpenCv\libs\opencv\include\opencv2\core\cuda\detail\type_traits_detail.hpp">
      <Filter>addons\ofxOpenCv\libs\opencv\include\opencv2\core\cuda\detail</Filter>
    </ClInclude>
    <ClInclude Include="..\..\..\of_v0.11.2_vs2017_release\addons\ofxOpenCv\libs\opencv\include\opencv2\core\cuda\detail\vec_distance_detail.hpp">
      <Filter>addons\ofxOpenCv\libs\opencv\include\opencv2\core\cuda\detail</Filter>
    </ClInclude>
    <ClInclude Include="..\..\..\of_v0.11.2_vs2017_release\addons\ofxOpenCv\libs\opencv\include\opencv2\core\hal\interface.h">
      <Filter>addons\ofxOpenCv\libs\opencv\include\opencv2\core\hal</Filter>
    </ClInclude>
    <ClInclude Include="..\..\..\of_v0.11.2_vs2017_release\addons\ofxOpenCv\libs\opencv\include\opencv2\core\hal\hal.hpp">
      <Filter>addons\ofxOpenCv\libs\opencv\include\opencv2\core\hal</Filter>
    </ClInclude>
    <ClInclude Include="..\..\..\of_v0.11.2_vs2017_release\addons\ofxOpenCv\libs\opencv\include\opencv2\core\hal\intrin.hpp">
      <Filter>addons\ofxOpenCv\libs\opencv\include\opencv2\core\hal</Filter>
    </ClInclude>
    <ClInclude Include="..\..\..\of_v0.11.2_vs2017_release\addons\ofxOpenCv\libs\opencv\include\opencv2\core\hal\intrin_avx.hpp">
      <Filter>addons\ofxOpenCv\libs\opencv\include\opencv2\core\hal</Filter>
    </ClInclude>
    <ClInclude Include="..\..\..\of_v0.11.2_vs2017_release\addons\ofxOpenCv\libs\opencv\include\opencv2\core\hal\intrin_cpp.hpp">
      <Filter>addons\ofxOpenCv\libs\opencv\include\opencv2\core\hal</Filter>
    </ClInclude>
    <ClInclude Include="..\..\..\of_v0.11.2_vs2017_release\addons\ofxOpenCv\libs\opencv\include\opencv2\core\hal\intrin_forward.hpp">
      <Filter>addons\ofxOpenCv\libs\opencv\include\opencv2\core\hal</Filter>
    </ClInclude>
    <ClInclude Include="..\..\..\of_v0.11.2_vs2017_release\addons\ofxOpenCv\libs\opencv\include\opencv2\core\hal\intrin_neon.hpp">
      <Filter>addons\ofxOpenCv\libs\opencv\include\opencv2\core\hal</Filter>
    </ClInclude>
    <ClInclude Include="..\..\..\of_v0.11.2_vs2017_release\addons\ofxOpenCv\libs\opencv\include\opencv2\core\hal\intrin_sse.hpp">
      <Filter>addons\ofxOpenCv\libs\opencv\include\opencv2\core\hal</Filter>
    </ClInclude>
    <ClInclude Include="..\..\..\of_v0.11.2_vs2017_release\addons\ofxOpenCv\libs\opencv\include\opencv2\core\hal\intrin_sse_em.hpp">
      <Filter>addons\ofxOpenCv\libs\opencv\include\opencv2\core\hal</Filter>
    </ClInclude>
    <ClInclude Include="..\..\..\of_v0.11.2_vs2017_release\addons\ofxOpenCv\libs\opencv\include\opencv2\core\hal\intrin_vsx.hpp">
      <Filter>addons\ofxOpenCv\libs\opencv\include\opencv2\core\hal</Filter>
    </ClInclude>
    <ClInclude Include="..\..\..\of_v0.11.2_vs2017_release\addons\ofxOpenCv\libs\opencv\include\opencv2\core\opencl\ocl_defs.hpp">
      <Filter>addons\ofxOpenCv\libs\opencv\include\opencv2\core\opencl</Filter>
    </ClInclude>
    <ClInclude Include="..\..\..\of_v0.11.2_vs2017_release\addons\ofxOpenCv\libs\opencv\include\opencv2\core\opencl\opencl_info.hpp">
      <Filter>addons\ofxOpenCv\libs\opencv\include\opencv2\core\opencl</Filter>
    </ClInclude>
    <ClInclude Include="..\..\..\of_v0.11.2_vs2017_release\addons\ofxOpenCv\libs\opencv\include\opencv2\core\opencl\opencl_svm.hpp">
      <Filter>addons\ofxOpenCv\libs\opencv\include\opencv2\core\opencl</Filter>
    </ClInclude>
    <ClInclude Include="..\..\..\of_v0.11.2_vs2017_release\addons\ofxOpenCv\libs\opencv\include\opencv2\core\opencl\runtime\opencl_clamdblas.hpp">
      <Filter>addons\ofxOpenCv\libs\opencv\include\opencv2\core\opencl\runtime</Filter>
    </ClInclude>
    <ClInclude Include="..\..\..\of_v0.11.2_vs2017_release\addons\ofxOpenCv\libs\opencv\include\opencv2\core\opencl\runtime\opencl_clamdfft.hpp">
      <Filter>addons\ofxOpenCv\libs\opencv\include\opencv2\core\opencl\runtime</Filter>
    </ClInclude>
    <ClInclude Include="..\..\..\of_v0.11.2_vs2017_release\addons\ofxOpenCv\libs\opencv\include\opencv2\core\opencl\runtime\opencl_core.hpp">
      <Filter>addons\ofxOpenCv\libs\opencv\include\opencv2\core\opencl\runtime</Filter>
    </ClInclude>
    <ClInclude Include="..\..\..\of_v0.11.2_vs2017_release\addons\ofxOpenCv\libs\opencv\include\opencv2\core\opencl\runtime\opencl_core_wrappers.hpp">
      <Filter>addons\ofxOpenCv\libs\opencv\include\opencv2\core\opencl\runtime</Filter>
    </ClInclude>
    <ClInclude Include="..\..\..\of_v0.11.2_vs2017_release\addons\ofxOpenCv\libs\opencv\include\opencv2\core\opencl\runtime\opencl_gl.hpp">
      <Filter>addons\ofxOpenCv\libs\opencv\include\opencv2\core\opencl\runtime</Filter>
    </ClInclude>
    <ClInclude Include="..\..\..\of_v0.11.2_vs2017_release\addons\ofxOpenCv\libs\opencv\include\opencv2\core\opencl\runtime\opencl_gl_wrappers.hpp">
      <Filter>addons\ofxOpenCv\libs\opencv\include\opencv2\core\opencl\runtime</Filter>
    </ClInclude>
    <ClInclude Include="..\..\..\of_v0.11.2_vs2017_release\addons\ofxOpenCv\libs\opencv\include\opencv2\core\opencl\runtime\opencl_svm_20.hpp">
      <Filter>addons\ofxOpenCv\libs\opencv\include\opencv2\core\opencl\runtime</Filter>
    </ClInclude>
    <ClInclude Include="..\..\..\of_v0.11.2_vs2017_release\addons\ofxOpenCv\libs\opencv\include\opencv2\core\opencl\runtime\opencl_svm_definitions.hpp">
      <Filter>addons\ofxOpenCv\libs\opencv\include\opencv2\core\opencl\runtime</Filter>
    </ClInclude>
    <ClInclude Include="..\..\..\of_v0.11.2_vs2017_release\addons\ofxOpenCv\libs\opencv\include\opencv2\core\opencl\runtime\opencl_svm_hsa_extension.hpp">
      <Filter>addons\ofxOpenCv\libs\opencv\include\opencv2\core\opencl\runtime</Filter>
    </ClInclude>
    <ClInclude Include="..\..\..\of_v0.11.2_vs2017_release\addons\ofxOpenCv\libs\opencv\include\opencv2\core\opencl\runtime\autogenerated\opencl_clamdblas.hpp">
      <Filter>addons\ofxOpenCv\libs\opencv\include\opencv2\core\opencl\runtime\autogenerated</Filter>
    </ClInclude>
    <ClInclude Include="..\..\..\of_v0.11.2_vs2017_release\addons\ofxOpenCv\libs\opencv\include\opencv2\core\opencl\runtime\autogenerated\opencl_clamdfft.hpp">
      <Filter>addons\ofxOpenCv\libs\opencv\include\opencv2\core\opencl\runtime\autogenerated</Filter>
    </ClInclude>
    <ClInclude Include="..\..\..\of_v0.11.2_vs2017_release\addons\ofxOpenCv\libs\opencv\include\opencv2\core\opencl\runtime\autogenerated\opencl_core.hpp">
      <Filter>addons\ofxOpenCv\libs\opencv\include\opencv2\core\opencl\runtime\autogenerated</Filter>
    </ClInclude>
    <ClInclude Include="..\..\..\of_v0.11.2_vs2017_release\addons\ofxOpenCv\libs\opencv\include\opencv2\core\opencl\runtime\autogenerated\opencl_core_wrappers.hpp">
      <Filter>addons\ofxOpenCv\libs\opencv\include\opencv2\core\opencl\runtime\autogenerated</Filter>
    </ClInclude>
    <ClInclude Include="..\..\..\of_v0.11.2_vs2017_release\addons\ofxOpenCv\libs\opencv\include\opencv2\core\opencl\runtime\autogenerated\opencl_gl.hpp">
      <Filter>addons\ofxOpenCv\libs\opencv\include\opencv2\core\opencl\runtime\autogenerated</Filter>
    </ClInclude>
    <ClInclude Include="..\..\..\of_v0.11.2_vs2017_release\addons\ofxOpenCv\libs\opencv\include\opencv2\core\opencl\runtime\autogenerated\opencl_gl_wrappers.hpp">
      <Filter>addons\ofxOpenCv\libs\opencv\include\opencv2\core\opencl\runtime\autogenerated</Filter>
    </ClInclude>
    <ClInclude Include="..\..\..\of_v0.11.2_vs2017_release\addons\ofxOpenCv\libs\opencv\include\opencv2\core\openvx\ovx_defs.hpp">
      <Filter>addons\ofxOpenCv\libs\opencv\include\opencv2\core\openvx</Filter>
    </ClInclude>
    <ClInclude Include="..\..\..\of_v0.11.2_vs2017_release\addons\ofxOpenCv\libs\opencv\include\opencv2\core\private\cv_cpu_include_simd_declarations.hpp">
      <Filter>addons\ofxOpenCv\libs\opencv\include\opencv2\core\private</Filter>
    </ClInclude>
    <ClInclude Include="..\..\..\of_v0.11.2_vs2017_release\addons\ofxOpenCv\libs\opencv\include\opencv2\core\utils\configuration.private.hpp">
      <Filter>addons\ofxOpenCv\libs\opencv\include\opencv2\core\utils</Filter>
    </ClInclude>
    <ClInclude Include="..\..\..\of_v0.11.2_vs2017_release\addons\ofxOpenCv\libs\opencv\include\opencv2\core\utils\filesystem.hpp">
      <Filter>addons\ofxOpenCv\libs\opencv\include\opencv2\core\utils</Filter>
    </ClInclude>
    <ClInclude Include="..\..\..\of_v0.11.2_vs2017_release\addons\ofxOpenCv\libs\opencv\include\opencv2\core\utils\filesystem.private.hpp">
      <Filter>addons\ofxOpenCv\libs\opencv\include\opencv2\core\utils</Filter>
    </ClInclude>
    <ClInclude Include="..\..\..\of_v0.11.2_vs2017_release\addons\ofxOpenCv\libs\opencv\include\opencv2\core\utils\lock.private.hpp">
      <Filter>addons\ofxOpenCv\libs\opencv\include\opencv2\core\utils</Filter>
    </ClInclude>
    <ClInclude Include="..\..\..\of_v0.11.2_vs2017_release\addons\ofxOpenCv\libs\opencv\include\opencv2\core\utils\logger.defines.hpp">
      <Filter>addons\ofxOpenCv\libs\opencv\include\opencv2\core\utils</Filter>
    </ClInclude>
    <ClInclude Include="..\..\..\of_v0.11.2_vs2017_release\addons\ofxOpenCv\libs\opencv\include\opencv2\core\utils\logger.hpp">
      <Filter>addons\ofxOpenCv\libs\opencv\include\opencv2\core\utils</Filter>
    </ClInclude>
    <ClInclude Include="..\..\..\of_v0.11.2_vs2017_release\addons\ofxOpenCv\libs\opencv\include\opencv2\core\utils\trace.hpp">
      <Filter>addons\ofxOpenCv\libs\opencv\include\opencv2\core\utils</Filter>
    </ClInclude>
    <ClInclude Include="..\..\..\of_v0.11.2_vs2017_release\addons\ofxOpenCv\libs\opencv\include\opencv2\core\utils\trace.private.hpp">
      <Filter>addons\ofxOpenCv\libs\opencv\include\opencv2\core\utils</Filter>
    </ClInclude>
    <ClInclude Include="..\..\..\of_v0.11.2_vs2017_release\addons\ofxOpenCv\libs\opencv\include\opencv2\dnn\all_layers.hpp">
      <Filter>addons\ofxOpenCv\libs\opencv\include\opencv2\dnn</Filter>
    </ClInclude>
    <ClInclude Include="..\..\..\of_v0.11.2_vs2017_release\addons\ofxOpenCv\libs\opencv\include\opencv2\dnn\dict.hpp">
      <Filter>addons\ofxOpenCv\libs\opencv\include\opencv2\dnn</Filter>
    </ClInclude>
    <ClInclude Include="..\..\..\of_v0.11.2_vs2017_release\addons\ofxOpenCv\libs\opencv\include\opencv2\dnn\dnn.hpp">
      <Filter>addons\ofxOpenCv\libs\opencv\include\opencv2\dnn</Filter>
    </ClInclude>
    <ClInclude Include="..\..\..\of_v0.11.2_vs2017_release\addons\ofxOpenCv\libs\opencv\include\opencv2\dnn\dnn.inl.hpp">
      <Filter>addons\ofxOpenCv\libs\opencv\include\opencv2\dnn</Filter>
    </ClInclude>
    <ClInclude Include="..\..\..\of_v0.11.2_vs2017_release\addons\ofxOpenCv\libs\opencv\include\opencv2\dnn\layer.details.hpp">
      <Filter>addons\ofxOpenCv\libs\opencv\include\opencv2\dnn</Filter>
    </ClInclude>
    <ClInclude Include="..\..\..\of_v0.11.2_vs2017_release\addons\ofxOpenCv\libs\opencv\include\opencv2\dnn\layer.hpp">
      <Filter>addons\ofxOpenCv\libs\opencv\include\opencv2\dnn</Filter>
    </ClInclude>
    <ClInclude Include="..\..\..\of_v0.11.2_vs2017_release\addons\ofxOpenCv\libs\opencv\include\opencv2\dnn\shape_utils.hpp">
      <Filter>addons\ofxOpenCv\libs\opencv\include\opencv2\dnn</Filter>
    </ClInclude>
    <ClInclude Include="..\..\..\of_v0.11.2_vs2017_release\addons\ofxOpenCv\libs\opencv\include\opencv2\dnn\version.hpp">
      <Filter>addons\ofxOpenCv\libs\opencv\include\opencv2\dnn</Filter>
    </ClInclude>
    <ClInclude Include="..\..\..\of_v0.11.2_vs2017_release\addons\ofxOpenCv\libs\opencv\include\opencv2\features2d\features2d.hpp">
      <Filter>addons\ofxOpenCv\libs\opencv\include\opencv2\features2d</Filter>
    </ClInclude>
    <ClInclude Include="..\..\..\of_v0.11.2_vs2017_release\addons\ofxOpenCv\libs\opencv\include\opencv2\features2d\hal\interface.h">
      <Filter>addons\ofxOpenCv\libs\opencv\include\opencv2\features2d\hal</Filter>
    </ClInclude>
    <ClInclude Include="..\..\..\of_v0.11.2_vs2017_release\addons\ofxOpenCv\libs\opencv\include\opencv2\flann\allocator.h">
      <Filter>addons\ofxOpenCv\libs\opencv\include\opencv2\flann</Filter>
    </ClInclude>
    <ClInclude Include="..\..\..\of_v0.11.2_vs2017_release\addons\ofxOpenCv\libs\opencv\include\opencv2\flann\all_indices.h">
      <Filter>addons\ofxOpenCv\libs\opencv\include\opencv2\flann</Filter>
    </ClInclude>
    <ClInclude Include="..\..\..\of_v0.11.2_vs2017_release\addons\ofxOpenCv\libs\opencv\include\opencv2\flann\any.h">
      <Filter>addons\ofxOpenCv\libs\opencv\include\opencv2\flann</Filter>
    </ClInclude>
    <ClInclude Include="..\..\..\of_v0.11.2_vs2017_release\addons\ofxOpenCv\libs\opencv\include\opencv2\flann\autotuned_index.h">
      <Filter>addons\ofxOpenCv\libs\opencv\include\opencv2\flann</Filter>
    </ClInclude>
    <ClInclude Include="..\..\..\of_v0.11.2_vs2017_release\addons\ofxOpenCv\libs\opencv\include\opencv2\flann\composite_index.h">
      <Filter>addons\ofxOpenCv\libs\opencv\include\opencv2\flann</Filter>
    </ClInclude>
    <ClInclude Include="..\..\..\of_v0.11.2_vs2017_release\addons\ofxOpenCv\libs\opencv\include\opencv2\flann\config.h">
      <Filter>addons\ofxOpenCv\libs\opencv\include\opencv2\flann</Filter>
    </ClInclude>
    <ClInclude Include="..\..\..\of_v0.11.2_vs2017_release\addons\ofxOpenCv\libs\opencv\include\opencv2\flann\defines.h">
      <Filter>addons\ofxOpenCv\libs\opencv\include\opencv2\flann</Filter>
    </ClInclude>
    <ClInclude Include="..\..\..\of_v0.11.2_vs2017_release\addons\ofxOpenCv\libs\opencv\include\opencv2\flann\dist.h">
      <Filter>addons\ofxOpenCv\libs\opencv\include\opencv2\flann</Filter>
    </ClInclude>
    <ClInclude Include="..\..\..\of_v0.11.2_vs2017_release\addons\ofxOpenCv\libs\opencv\include\opencv2\flann\dummy.h">
      <Filter>addons\ofxOpenCv\libs\opencv\include\opencv2\flann</Filter>
    </ClInclude>
    <ClInclude Include="..\..\..\of_v0.11.2_vs2017_release\addons\ofxOpenCv\libs\opencv\include\opencv2\flann\dynamic_bitset.h">
      <Filter>addons\ofxOpenCv\libs\opencv\include\opencv2\flann</Filter>
    </ClInclude>
    <ClInclude Include="..\..\..\of_v0.11.2_vs2017_release\addons\ofxOpenCv\libs\opencv\include\opencv2\flann\general.h">
      <Filter>addons\ofxOpenCv\libs\opencv\include\opencv2\flann</Filter>
    </ClInclude>
    <ClInclude Include="..\..\..\of_v0.11.2_vs2017_release\addons\ofxOpenCv\libs\opencv\include\opencv2\flann\ground_truth.h">
      <Filter>addons\ofxOpenCv\libs\opencv\include\opencv2\flann</Filter>
    </ClInclude>
    <ClInclude Include="..\..\..\of_v0.11.2_vs2017_release\addons\ofxOpenCv\libs\opencv\include\opencv2\flann\heap.h">
      <Filter>addons\ofxOpenCv\libs\opencv\include\opencv2\flann</Filter>
    </ClInclude>
    <ClInclude Include="..\..\..\of_v0.11.2_vs2017_release\addons\ofxOpenCv\libs\opencv\include\opencv2\flann\hierarchical_clustering_index.h">
      <Filter>addons\ofxOpenCv\libs\opencv\include\opencv2\flann</Filter>
    </ClInclude>
    <ClInclude Include="..\..\..\of_v0.11.2_vs2017_release\addons\ofxOpenCv\libs\opencv\include\opencv2\flann\index_testing.h">
      <Filter>addons\ofxOpenCv\libs\opencv\include\opencv2\flann</Filter>
    </ClInclude>
    <ClInclude Include="..\..\..\of_v0.11.2_vs2017_release\addons\ofxOpenCv\libs\opencv\include\opencv2\flann\kdtree_index.h">
      <Filter>addons\ofxOpenCv\libs\opencv\include\opencv2\flann</Filter>
    </ClInclude>
    <ClInclude Include="..\..\..\of_v0.11.2_vs2017_release\addons\ofxOpenCv\libs\opencv\include\opencv2\flann\kdtree_single_index.h">
      <Filter>addons\ofxOpenCv\libs\opencv\include\opencv2\flann</Filter>
    </ClInclude>
    <ClInclude Include="..\..\..\of_v0.11.2_vs2017_release\addons\ofxOpenCv\libs\opencv\include\opencv2\flann\kmeans_index.h">
      <Filter>addons\ofxOpenCv\libs\opencv\include\opencv2\flann</Filter>
    </ClInclude>
    <ClInclude Include="..\..\..\of_v0.11.2_vs2017_release\addons\ofxOpenCv\libs\opencv\include\opencv2\flann\linear_index.h">
      <Filter>addons\ofxOpenCv\libs\opencv\include\opencv2\flann</Filter>
    </ClInclude>
    <ClInclude Include="..\..\..\of_v0.11.2_vs2017_release\addons\ofxOpenCv\libs\opencv\include\opencv2\flann\logger.h">
      <Filter>addons\ofxOpenCv\libs\opencv\include\opencv2\flann</Filter>
    </ClInclude>
    <ClInclude Include="..\..\..\of_v0.11.2_vs2017_release\addons\ofxOpenCv\libs\opencv\include\opencv2\flann\lsh_index.h">
      <Filter>addons\ofxOpenCv\libs\opencv\include\opencv2\flann</Filter>
    </ClInclude>
    <ClInclude Include="..\..\..\of_v0.11.2_vs2017_release\addons\ofxOpenCv\libs\opencv\include\opencv2\flann\lsh_table.h">
      <Filter>addons\ofxOpenCv\libs\opencv\include\opencv2\flann</Filter>
    </ClInclude>
    <ClInclude Include="..\..\..\of_v0.11.2_vs2017_release\addons\ofxOpenCv\libs\opencv\include\opencv2\flann\matrix.h">
      <Filter>addons\ofxOpenCv\libs\opencv\include\opencv2\flann</Filter>
    </ClInclude>
    <ClInclude Include="..\..\..\of_v0.11.2_vs2017_release\addons\ofxOpenCv\libs\opencv\include\opencv2\flann\nn_index.h">
      <Filter>addons\ofxOpenCv\libs\opencv\include\opencv2\flann</Filter>
    </ClInclude>
    <ClInclude Include="..\..\..\of_v0.11.2_vs2017_release\addons\ofxOpenCv\libs\opencv\include\opencv2\flann\object_factory.h">
      <Filter>addons\ofxOpenCv\libs\opencv\include\opencv2\flann</Filter>
    </ClInclude>
    <ClInclude Include="..\..\..\of_v0.11.2_vs2017_release\addons\ofxOpenCv\libs\opencv\include\opencv2\flann\params.h">
      <Filter>addons\ofxOpenCv\libs\opencv\include\opencv2\flann</Filter>
    </ClInclude>
    <ClInclude Include="..\..\..\of_v0.11.2_vs2017_release\addons\ofxOpenCv\libs\opencv\include\opencv2\flann\random.h">
      <Filter>addons\ofxOpenCv\libs\opencv\include\opencv2\flann</Filter>
    </ClInclude>
    <ClInclude Include="..\..\..\of_v0.11.2_vs2017_release\addons\ofxOpenCv\libs\opencv\include\opencv2\flann\result_set.h">
      <Filter>addons\ofxOpenCv\libs\opencv\include\opencv2\flann</Filter>
    </ClInclude>
    <ClInclude Include="..\..\..\of_v0.11.2_vs2017_release\addons\ofxOpenCv\libs\opencv\include\opencv2\flann\sampling.h">
      <Filter>addons\ofxOpenCv\libs\opencv\include\opencv2\flann</Filter>
    </ClInclude>
    <ClInclude Include="..\..\..\of_v0.11.2_vs2017_release\addons\ofxOpenCv\libs\opencv\include\opencv2\flann\saving.h">
      <Filter>addons\ofxOpenCv\libs\opencv\include\opencv2\flann</Filter>
    </ClInclude>
    <ClInclude Include="..\..\..\of_v0.11.2_vs2017_release\addons\ofxOpenCv\libs\opencv\include\opencv2\flann\simplex_downhill.h">
      <Filter>addons\ofxOpenCv\libs\opencv\include\opencv2\flann</Filter>
    </ClInclude>
    <ClInclude Include="..\..\..\of_v0.11.2_vs2017_release\addons\ofxOpenCv\libs\opencv\include\opencv2\flann\timer.h">
      <Filter>addons\ofxOpenCv\libs\opencv\include\opencv2\flann</Filter>
    </ClInclude>
    <ClInclude Include="..\..\..\of_v0.11.2_vs2017_release\addons\ofxOpenCv\libs\opencv\include\opencv2\flann\flann.hpp">
      <Filter>addons\ofxOpenCv\libs\opencv\include\opencv2\flann</Filter>
    </ClInclude>
    <ClInclude Include="..\..\..\of_v0.11.2_vs2017_release\addons\ofxOpenCv\libs\opencv\include\opencv2\flann\flann_base.hpp">
      <Filter>addons\ofxOpenCv\libs\opencv\include\opencv2\flann</Filter>
    </ClInclude>
    <ClInclude Include="..\..\..\of_v0.11.2_vs2017_release\addons\ofxOpenCv\libs\opencv\include\opencv2\flann\miniflann.hpp">
      <Filter>addons\ofxOpenCv\libs\opencv\include\opencv2\flann</Filter>
    </ClInclude>
    <ClInclude Include="..\..\..\of_v0.11.2_vs2017_release\addons\ofxOpenCv\libs\opencv\include\opencv2\gapi\core.hpp">
      <Filter>addons\ofxOpenCv\libs\opencv\include\opencv2\gapi</Filter>
    </ClInclude>
    <ClInclude Include="..\..\..\of_v0.11.2_vs2017_release\addons\ofxOpenCv\libs\opencv\include\opencv2\gapi\garg.hpp">
      <Filter>addons\ofxOpenCv\libs\opencv\include\opencv2\gapi</Filter>
    </ClInclude>
    <ClInclude Include="..\..\..\of_v0.11.2_vs2017_release\addons\ofxOpenCv\libs\opencv\include\opencv2\gapi\garray.hpp">
      <Filter>addons\ofxOpenCv\libs\opencv\include\opencv2\gapi</Filter>
    </ClInclude>
    <ClInclude Include="..\..\..\of_v0.11.2_vs2017_release\addons\ofxOpenCv\libs\opencv\include\opencv2\gapi\gcall.hpp">
      <Filter>addons\ofxOpenCv\libs\opencv\include\opencv2\gapi</Filter>
    </ClInclude>
    <ClInclude Include="..\..\..\of_v0.11.2_vs2017_release\addons\ofxOpenCv\libs\opencv\include\opencv2\gapi\gcommon.hpp">
      <Filter>addons\ofxOpenCv\libs\opencv\include\opencv2\gapi</Filter>
    </ClInclude>
    <ClInclude Include="..\..\..\of_v0.11.2_vs2017_release\addons\ofxOpenCv\libs\opencv\include\opencv2\gapi\gcompiled.hpp">
      <Filter>addons\ofxOpenCv\libs\opencv\include\opencv2\gapi</Filter>
    </ClInclude>
    <ClInclude Include="..\..\..\of_v0.11.2_vs2017_release\addons\ofxOpenCv\libs\opencv\include\opencv2\gapi\gcompoundkernel.hpp">
      <Filter>addons\ofxOpenCv\libs\opencv\include\opencv2\gapi</Filter>
    </ClInclude>
    <ClInclude Include="..\..\..\of_v0.11.2_vs2017_release\addons\ofxOpenCv\libs\opencv\include\opencv2\gapi\gcomputation.hpp">
      <Filter>addons\ofxOpenCv\libs\opencv\include\opencv2\gapi</Filter>
    </ClInclude>
    <ClInclude Include="..\..\..\of_v0.11.2_vs2017_release\addons\ofxOpenCv\libs\opencv\include\opencv2\gapi\gkernel.hpp">
      <Filter>addons\ofxOpenCv\libs\opencv\include\opencv2\gapi</Filter>
    </ClInclude>
    <ClInclude Include="..\..\..\of_v0.11.2_vs2017_release\addons\ofxOpenCv\libs\opencv\include\opencv2\gapi\gmat.hpp">
      <Filter>addons\ofxOpenCv\libs\opencv\include\opencv2\gapi</Filter>
    </ClInclude>
    <ClInclude Include="..\..\..\of_v0.11.2_vs2017_release\addons\ofxOpenCv\libs\opencv\include\opencv2\gapi\gmetaarg.hpp">
      <Filter>addons\ofxOpenCv\libs\opencv\include\opencv2\gapi</Filter>
    </ClInclude>
    <ClInclude Include="..\..\..\of_v0.11.2_vs2017_release\addons\ofxOpenCv\libs\opencv\include\opencv2\gapi\gproto.hpp">
      <Filter>addons\ofxOpenCv\libs\opencv\include\opencv2\gapi</Filter>
    </ClInclude>
    <ClInclude Include="..\..\..\of_v0.11.2_vs2017_release\addons\ofxOpenCv\libs\opencv\include\opencv2\gapi\gscalar.hpp">
      <Filter>addons\ofxOpenCv\libs\opencv\include\opencv2\gapi</Filter>
    </ClInclude>
    <ClInclude Include="..\..\..\of_v0.11.2_vs2017_release\addons\ofxOpenCv\libs\opencv\include\opencv2\gapi\gtyped.hpp">
      <Filter>addons\ofxOpenCv\libs\opencv\include\opencv2\gapi</Filter>
    </ClInclude>
    <ClInclude Include="..\..\..\of_v0.11.2_vs2017_release\addons\ofxOpenCv\libs\opencv\include\opencv2\gapi\gtype_traits.hpp">
      <Filter>addons\ofxOpenCv\libs\opencv\include\opencv2\gapi</Filter>
    </ClInclude>
    <ClInclude Include="..\..\..\of_v0.11.2_vs2017_release\addons\ofxOpenCv\libs\opencv\include\opencv2\gapi\imgproc.hpp">
      <Filter>addons\ofxOpenCv\libs\opencv\include\opencv2\gapi</Filter>
    </ClInclude>
    <ClInclude Include="..\..\..\of_v0.11.2_vs2017_release\addons\ofxOpenCv\libs\opencv\include\opencv2\gapi\opencv_includes.hpp">
      <Filter>addons\ofxOpenCv\libs\opencv\include\opencv2\gapi</Filter>
    </ClInclude>
    <ClInclude Include="..\..\..\of_v0.11.2_vs2017_release\addons\ofxOpenCv\libs\opencv\include\opencv2\gapi\operators.hpp">
      <Filter>addons\ofxOpenCv\libs\opencv\include\opencv2\gapi</Filter>
    </ClInclude>
    <ClInclude Include="..\..\..\of_v0.11.2_vs2017_release\addons\ofxOpenCv\libs\opencv\include\opencv2\gapi\cpu\core.hpp">
      <Filter>addons\ofxOpenCv\libs\opencv\include\opencv2\gapi\cpu</Filter>
    </ClInclude>
    <ClInclude Include="..\..\..\of_v0.11.2_vs2017_release\addons\ofxOpenCv\libs\opencv\include\opencv2\gapi\cpu\gcpukernel.hpp">
      <Filter>addons\ofxOpenCv\libs\opencv\include\opencv2\gapi\cpu</Filter>
    </ClInclude>
    <ClInclude Include="..\..\..\of_v0.11.2_vs2017_release\addons\ofxOpenCv\libs\opencv\include\opencv2\gapi\cpu\imgproc.hpp">
      <Filter>addons\ofxOpenCv\libs\opencv\include\opencv2\gapi\cpu</Filter>
    </ClInclude>
    <ClInclude Include="..\..\..\of_v0.11.2_vs2017_release\addons\ofxOpenCv\libs\opencv\include\opencv2\gapi\fluid\core.hpp">
      <Filter>addons\ofxOpenCv\libs\opencv\include\opencv2\gapi\fluid</Filter>
    </ClInclude>
    <ClInclude Include="..\..\..\of_v0.11.2_vs2017_release\addons\ofxOpenCv\libs\opencv\include\opencv2\gapi\fluid\gfluidbuffer.hpp">
      <Filter>addons\ofxOpenCv\libs\opencv\include\opencv2\gapi\fluid</Filter>
    </ClInclude>
    <ClInclude Include="..\..\..\of_v0.11.2_vs2017_release\addons\ofxOpenCv\libs\opencv\include\opencv2\gapi\fluid\gfluidkernel.hpp">
      <Filter>addons\ofxOpenCv\libs\opencv\include\opencv2\gapi\fluid</Filter>
    </ClInclude>
    <ClInclude Include="..\..\..\of_v0.11.2_vs2017_release\addons\ofxOpenCv\libs\opencv\include\opencv2\gapi\fluid\imgproc.hpp">
      <Filter>addons\ofxOpenCv\libs\opencv\include\opencv2\gapi\fluid</Filter>
    </ClInclude>
    <ClInclude Include="..\..\..\of_v0.11.2_vs2017_release\addons\ofxOpenCv\libs\opencv\include\opencv2\gapi\gpu\core.hpp">
      <Filter>addons\ofxOpenCv\libs\opencv\include\opencv2\gapi\gpu</Filter>
    </ClInclude>
    <ClInclude Include="..\..\..\of_v0.11.2_vs2017_release\addons\ofxOpenCv\libs\opencv\include\opencv2\gapi\gpu\ggpukernel.hpp">
      <Filter>addons\ofxOpenCv\libs\opencv\include\opencv2\gapi\gpu</Filter>
    </ClInclude>
    <ClInclude Include="..\..\..\of_v0.11.2_vs2017_release\addons\ofxOpenCv\libs\opencv\include\opencv2\gapi\gpu\imgproc.hpp">
      <Filter>addons\ofxOpenCv\libs\opencv\include\opencv2\gapi\gpu</Filter>
    </ClInclude>
    <ClInclude Include="..\..\..\of_v0.11.2_vs2017_release\addons\ofxOpenCv\libs\opencv\include\opencv2\gapi\ocl\core.hpp">
      <Filter>addons\ofxOpenCv\libs\opencv\include\opencv2\gapi\ocl</Filter>
    </ClInclude>
    <ClInclude Include="..\..\..\of_v0.11.2_vs2017_release\addons\ofxOpenCv\libs\opencv\include\opencv2\gapi\ocl\goclkernel.hpp">
      <Filter>addons\ofxOpenCv\libs\opencv\include\opencv2\gapi\ocl</Filter>
    </ClInclude>
    <ClInclude Include="..\..\..\of_v0.11.2_vs2017_release\addons\ofxOpenCv\libs\opencv\include\opencv2\gapi\ocl\imgproc.hpp">
      <Filter>addons\ofxOpenCv\libs\opencv\include\opencv2\gapi\ocl</Filter>
    </ClInclude>
    <ClInclude Include="..\..\..\of_v0.11.2_vs2017_release\addons\ofxOpenCv\libs\opencv\include\opencv2\gapi\own\assert.hpp">
      <Filter>addons\ofxOpenCv\libs\opencv\include\opencv2\gapi\own</Filter>
    </ClInclude>
    <ClInclude Include="..\..\..\of_v0.11.2_vs2017_release\addons\ofxOpenCv\libs\opencv\include\opencv2\gapi\own\convert.hpp">
      <Filter>addons\ofxOpenCv\libs\opencv\include\opencv2\gapi\own</Filter>
    </ClInclude>
    <ClInclude Include="..\..\..\of_v0.11.2_vs2017_release\addons\ofxOpenCv\libs\opencv\include\opencv2\gapi\own\cvdefs.hpp">
      <Filter>addons\ofxOpenCv\libs\opencv\include\opencv2\gapi\own</Filter>
    </ClInclude>
    <ClInclude Include="..\..\..\of_v0.11.2_vs2017_release\addons\ofxOpenCv\libs\opencv\include\opencv2\gapi\own\exports.hpp">
      <Filter>addons\ofxOpenCv\libs\opencv\include\opencv2\gapi\own</Filter>
    </ClInclude>
    <ClInclude Include="..\..\..\of_v0.11.2_vs2017_release\addons\ofxOpenCv\libs\opencv\include\opencv2\gapi\own\mat.hpp">
      <Filter>addons\ofxOpenCv\libs\opencv\include\opencv2\gapi\own</Filter>
    </ClInclude>
    <ClInclude Include="..\..\..\of_v0.11.2_vs2017_release\addons\ofxOpenCv\libs\opencv\include\opencv2\gapi\own\saturate.hpp">
      <Filter>addons\ofxOpenCv\libs\opencv\include\opencv2\gapi\own</Filter>
    </ClInclude>
    <ClInclude Include="..\..\..\of_v0.11.2_vs2017_release\addons\ofxOpenCv\libs\opencv\include\opencv2\gapi\own\scalar.hpp">
      <Filter>addons\ofxOpenCv\libs\opencv\include\opencv2\gapi\own</Filter>
    </ClInclude>
    <ClInclude Include="..\..\..\of_v0.11.2_vs2017_release\addons\ofxOpenCv\libs\opencv\include\opencv2\gapi\own\types.hpp">
      <Filter>addons\ofxOpenCv\libs\opencv\include\opencv2\gapi\own</Filter>
    </ClInclude>
    <ClInclude Include="..\..\..\of_v0.11.2_vs2017_release\addons\ofxOpenCv\libs\opencv\include\opencv2\gapi\util\any.hpp">
      <Filter>addons\ofxOpenCv\libs\opencv\include\opencv2\gapi\util</Filter>
    </ClInclude>
    <ClInclude Include="..\..\..\of_v0.11.2_vs2017_release\addons\ofxOpenCv\libs\opencv\include\opencv2\gapi\util\compiler_hints.hpp">
      <Filter>addons\ofxOpenCv\libs\opencv\include\opencv2\gapi\util</Filter>
    </ClInclude>
    <ClInclude Include="..\..\..\of_v0.11.2_vs2017_release\addons\ofxOpenCv\libs\opencv\include\opencv2\gapi\util\optional.hpp">
      <Filter>addons\ofxOpenCv\libs\opencv\include\opencv2\gapi\util</Filter>
    </ClInclude>
    <ClInclude Include="..\..\..\of_v0.11.2_vs2017_release\addons\ofxOpenCv\libs\opencv\include\opencv2\gapi\util\throw.hpp">
      <Filter>addons\ofxOpenCv\libs\opencv\include\opencv2\gapi\util</Filter>
    </ClInclude>
    <ClInclude Include="..\..\..\of_v0.11.2_vs2017_release\addons\ofxOpenCv\libs\opencv\include\opencv2\gapi\util\util.hpp">
      <Filter>addons\ofxOpenCv\libs\opencv\include\opencv2\gapi\util</Filter>
    </ClInclude>
    <ClInclude Include="..\..\..\of_v0.11.2_vs2017_release\addons\ofxOpenCv\libs\opencv\include\opencv2\gapi\util\variant.hpp">
      <Filter>addons\ofxOpenCv\libs\opencv\include\opencv2\gapi\util</Filter>
    </ClInclude>
    <ClInclude Include="..\..\..\of_v0.11.2_vs2017_release\addons\ofxOpenCv\libs\opencv\include\opencv2\highgui\highgui_c.h">
      <Filter>addons\ofxOpenCv\libs\opencv\include\opencv2\highgui</Filter>
    </ClInclude>
    <ClInclude Include="..\..\..\of_v0.11.2_vs2017_release\addons\ofxOpenCv\libs\opencv\include\opencv2\highgui\highgui.hpp">
      <Filter>addons\ofxOpenCv\libs\opencv\include\opencv2\highgui</Filter>
    </ClInclude>
    <ClInclude Include="..\..\..\of_v0.11.2_vs2017_release\addons\ofxOpenCv\libs\opencv\include\opencv2\highgui\highgui_winrt.hpp">
      <Filter>addons\ofxOpenCv\libs\opencv\include\opencv2\highgui</Filter>
    </ClInclude>
    <ClInclude Include="..\..\..\of_v0.11.2_vs2017_release\addons\ofxOpenCv\libs\opencv\include\opencv2\imgcodecs\imgcodecs_c.h">
      <Filter>addons\ofxOpenCv\libs\opencv\include\opencv2\imgcodecs</Filter>
    </ClInclude>
    <ClInclude Include="..\..\..\of_v0.11.2_vs2017_release\addons\ofxOpenCv\libs\opencv\include\opencv2\imgcodecs\ios.h">
      <Filter>addons\ofxOpenCv\libs\opencv\include\opencv2\imgcodecs</Filter>
    </ClInclude>
    <ClInclude Include="..\..\..\of_v0.11.2_vs2017_release\addons\ofxOpenCv\libs\opencv\include\opencv2\imgcodecs\imgcodecs.hpp">
      <Filter>addons\ofxOpenCv\libs\opencv\include\opencv2\imgcodecs</Filter>
    </ClInclude>
    <ClInclude Include="..\..\..\of_v0.11.2_vs2017_release\addons\ofxOpenCv\libs\opencv\include\opencv2\imgcodecs\legacy\constants_c.h">
      <Filter>addons\ofxOpenCv\libs\opencv\include\opencv2\imgcodecs\legacy</Filter>
    </ClInclude>
    <ClInclude Include="..\..\..\of_v0.11.2_vs2017_release\addons\ofxOpenCv\libs\opencv\include\opencv2\imgproc\imgproc_c.h">
      <Filter>addons\ofxOpenCv\libs\opencv\include\opencv2\imgproc</Filter>
    </ClInclude>
    <ClInclude Include="..\..\..\of_v0.11.2_vs2017_release\addons\ofxOpenCv\libs\opencv\include\opencv2\imgproc\types_c.h">
      <Filter>addons\ofxOpenCv\libs\opencv\include\opencv2\imgproc</Filter>
    </ClInclude>
    <ClInclude Include="..\..\..\of_v0.11.2_vs2017_release\addons\ofxOpenCv\libs\opencv\include\opencv2\imgproc\imgproc.hpp">
      <Filter>addons\ofxOpenCv\libs\opencv\include\opencv2\imgproc</Filter>
    </ClInclude>
    <ClInclude Include="..\..\..\of_v0.11.2_vs2017_release\addons\ofxOpenCv\libs\opencv\include\opencv2\imgproc\detail\gcgraph.hpp">
      <Filter>addons\ofxOpenCv\libs\opencv\include\opencv2\imgproc\detail</Filter>
    </ClInclude>
    <ClInclude Include="..\..\..\of_v0.11.2_vs2017_release\addons\ofxOpenCv\libs\opencv\include\opencv2\imgproc\hal\interface.h">
      <Filter>addons\ofxOpenCv\libs\opencv\include\opencv2\imgproc\hal</Filter>
    </ClInclude>
    <ClInclude Include="..\..\..\of_v0.11.2_vs2017_release\addons\ofxOpenCv\libs\opencv\include\opencv2\imgproc\hal\hal.hpp">
      <Filter>addons\ofxOpenCv\libs\opencv\include\opencv2\imgproc\hal</Filter>
    </ClInclude>
    <ClInclude Include="..\..\..\of_v0.11.2_vs2017_release\addons\ofxOpenCv\libs\opencv\include\opencv2\ml\ml.hpp">
      <Filter>addons\ofxOpenCv\libs\opencv\include\opencv2\ml</Filter>
    </ClInclude>
    <ClInclude Include="..\..\..\of_v0.11.2_vs2017_release\addons\ofxOpenCv\libs\opencv\include\opencv2\ml\ml.inl.hpp">
      <Filter>addons\ofxOpenCv\libs\opencv\include\opencv2\ml</Filter>
    </ClInclude>
    <ClInclude Include="..\..\..\of_v0.11.2_vs2017_release\addons\ofxOpenCv\libs\opencv\include\opencv2\objdetect\detection_based_tracker.hpp">
      <Filter>addons\ofxOpenCv\libs\opencv\include\opencv2\objdetect</Filter>
    </ClInclude>
    <ClInclude Include="..\..\..\of_v0.11.2_vs2017_release\addons\ofxOpenCv\libs\opencv\include\opencv2\objdetect\objdetect.hpp">
      <Filter>addons\ofxOpenCv\libs\opencv\include\opencv2\objdetect</Filter>
    </ClInclude>
    <ClInclude Include="..\..\..\of_v0.11.2_vs2017_release\addons\ofxOpenCv\libs\opencv\include\opencv2\photo\cuda.hpp">
      <Filter>addons\ofxOpenCv\libs\opencv\include\opencv2\photo</Filter>
    </ClInclude>
    <ClInclude Include="..\..\..\of_v0.11.2_vs2017_release\addons\ofxOpenCv\libs\opencv\include\opencv2\photo\photo.hpp">
      <Filter>addons\ofxOpenCv\libs\opencv\include\opencv2\photo</Filter>
    </ClInclude>
    <ClInclude Include="..\..\..\of_v0.11.2_vs2017_release\addons\ofxOpenCv\libs\opencv\include\opencv2\photo\legacy\constants_c.h">
      <Filter>addons\ofxOpenCv\libs\opencv\include\opencv2\photo\legacy</Filter>
    </ClInclude>
    <ClInclude Include="..\..\..\of_v0.11.2_vs2017_release\addons\ofxOpenCv\libs\opencv\include\opencv2\stitching\warpers.hpp">
      <Filter>addons\ofxOpenCv\libs\opencv\include\opencv2\stitching</Filter>
    </ClInclude>
    <ClInclude Include="..\..\..\of_v0.11.2_vs2017_release\addons\ofxOpenCv\libs\opencv\include\opencv2\stitching\detail\autocalib.hpp">
      <Filter>addons\ofxOpenCv\libs\opencv\include\opencv2\stitching\detail</Filter>
    </ClInclude>
    <ClInclude Include="..\..\..\of_v0.11.2_vs2017_release\addons\ofxOpenCv\libs\opencv\include\opencv2\stitching\detail\blenders.hpp">
      <Filter>addons\ofxOpenCv\libs\opencv\include\opencv2\stitching\detail</Filter>
    </ClInclude>
    <ClInclude Include="..\..\..\of_v0.11.2_vs2017_release\addons\ofxOpenCv\libs\opencv\include\opencv2\stitching\detail\camera.hpp">
      <Filter>addons\ofxOpenCv\libs\opencv\include\opencv2\stitching\detail</Filter>
    </ClInclude>
    <ClInclude Include="..\..\..\of_v0.11.2_vs2017_release\addons\ofxOpenCv\libs\opencv\include\opencv2\stitching\detail\exposure_compensate.hpp">
      <Filter>addons\ofxOpenCv\libs\opencv\include\opencv2\stitching\detail</Filter>
    </ClInclude>
    <ClInclude Include="..\..\..\of_v0.11.2_vs2017_release\addons\ofxOpenCv\libs\opencv\include\opencv2\stitching\detail\matchers.hpp">
      <Filter>addons\ofxOpenCv\libs\opencv\include\opencv2\stitching\detail</Filter>
    </ClInclude>
    <ClInclude Include="..\..\..\of_v0.11.2_vs2017_release\addons\ofxOpenCv\libs\opencv\include\opencv2\stitching\detail\motion_estimators.hpp">
      <Filter>addons\ofxOpenCv\libs\opencv\include\opencv2\stitching\detail</Filter>
    </ClInclude>
    <ClInclude Include="..\..\..\of_v0.11.2_vs2017_release\addons\ofxOpenCv\libs\opencv\include\opencv2\stitching\detail\seam_finders.hpp">
      <Filter>addons\ofxOpenCv\libs\opencv\include\opencv2\stitching\detail</Filter>
    </ClInclude>
    <ClInclude Include="..\..\..\of_v0.11.2_vs2017_release\addons\ofxOpenCv\libs\opencv\include\opencv2\stitching\detail\timelapsers.hpp">
      <Filter>addons\ofxOpenCv\libs\opencv\include\opencv2\stitching\detail</Filter>
    </ClInclude>
    <ClInclude Include="..\..\..\of_v0.11.2_vs2017_release\addons\ofxOpenCv\libs\opencv\include\opencv2\stitching\detail\util.hpp">
      <Filter>addons\ofxOpenCv\libs\opencv\include\opencv2\stitching\detail</Filter>
    </ClInclude>
    <ClInclude Include="..\..\..\of_v0.11.2_vs2017_release\addons\ofxOpenCv\libs\opencv\include\opencv2\stitching\detail\util_inl.hpp">
      <Filter>addons\ofxOpenCv\libs\opencv\include\opencv2\stitching\detail</Filter>
    </ClInclude>
    <ClInclude Include="..\..\..\of_v0.11.2_vs2017_release\addons\ofxOpenCv\libs\opencv\include\opencv2\stitching\detail\warpers.hpp">
      <Filter>addons\ofxOpenCv\libs\opencv\include\opencv2\stitching\detail</Filter>
    </ClInclude>
    <ClInclude Include="..\..\..\of_v0.11.2_vs2017_release\addons\ofxOpenCv\libs\opencv\include\opencv2\stitching\detail\warpers_inl.hpp">
      <Filter>addons\ofxOpenCv\libs\opencv\include\opencv2\stitching\detail</Filter>
    </ClInclude>
    <ClInclude Include="..\..\..\of_v0.11.2_vs2017_release\addons\ofxOpenCv\libs\opencv\include\opencv2\ts\ts_gtest.h">
      <Filter>addons\ofxOpenCv\libs\opencv\include\opencv2\ts</Filter>
    </ClInclude>
    <ClInclude Include="..\..\..\of_v0.11.2_vs2017_release\addons\ofxOpenCv\libs\opencv\include\opencv2\ts\cuda_perf.hpp">
      <Filter>addons\ofxOpenCv\libs\opencv\include\opencv2\ts</Filter>
    </ClInclude>
    <ClInclude Include="..\..\..\of_v0.11.2_vs2017_release\addons\ofxOpenCv\libs\opencv\include\opencv2\ts\cuda_test.hpp">
      <Filter>addons\ofxOpenCv\libs\opencv\include\opencv2\ts</Filter>
    </ClInclude>
    <ClInclude Include="..\..\..\of_v0.11.2_vs2017_release\addons\ofxOpenCv\libs\opencv\include\opencv2\ts\ocl_perf.hpp">
      <Filter>addons\ofxOpenCv\libs\opencv\include\opencv2\ts</Filter>
    </ClInclude>
    <ClInclude Include="..\..\..\of_v0.11.2_vs2017_release\addons\ofxOpenCv\libs\opencv\include\opencv2\ts\ocl_test.hpp">
      <Filter>addons\ofxOpenCv\libs\opencv\include\opencv2\ts</Filter>
    </ClInclude>
    <ClInclude Include="..\..\..\of_v0.11.2_vs2017_release\addons\ofxOpenCv\libs\opencv\include\opencv2\ts\ts_ext.hpp">
      <Filter>addons\ofxOpenCv\libs\opencv\include\opencv2\ts</Filter>
    </ClInclude>
    <ClInclude Include="..\..\..\of_v0.11.2_vs2017_release\addons\ofxOpenCv\libs\opencv\include\opencv2\ts\ts_perf.hpp">
      <Filter>addons\ofxOpenCv\libs\opencv\include\opencv2\ts</Filter>
    </ClInclude>
    <ClInclude Include="..\..\..\of_v0.11.2_vs2017_release\addons\ofxOpenCv\libs\opencv\include\opencv2\video\background_segm.hpp">
      <Filter>addons\ofxOpenCv\libs\opencv\include\opencv2\video</Filter>
    </ClInclude>
    <ClInclude Include="..\..\..\of_v0.11.2_vs2017_release\addons\ofxOpenCv\libs\opencv\include\opencv2\video\tracking.hpp">
      <Filter>addons\ofxOpenCv\libs\opencv\include\opencv2\video</Filter>
    </ClInclude>
    <ClInclude Include="..\..\..\of_v0.11.2_vs2017_release\addons\ofxOpenCv\libs\opencv\include\opencv2\video\video.hpp">
      <Filter>addons\ofxOpenCv\libs\opencv\include\opencv2\video</Filter>
    </ClInclude>
    <ClInclude Include="..\..\..\of_v0.11.2_vs2017_release\addons\ofxOpenCv\libs\opencv\include\opencv2\video\legacy\constants_c.h">
      <Filter>addons\ofxOpenCv\libs\opencv\include\opencv2\video\legacy</Filter>
    </ClInclude>
    <ClInclude Include="..\..\..\of_v0.11.2_vs2017_release\addons\ofxOpenCv\libs\opencv\include\opencv2\videoio\cap_ios.h">
      <Filter>addons\ofxOpenCv\libs\opencv\include\opencv2\videoio</Filter>
    </ClInclude>
    <ClInclude Include="..\..\..\of_v0.11.2_vs2017_release\addons\ofxOpenCv\libs\opencv\include\opencv2\videoio\videoio_c.h">
      <Filter>addons\ofxOpenCv\libs\opencv\include\opencv2\videoio</Filter>
    </ClInclude>
    <ClInclude Include="..\..\..\of_v0.11.2_vs2017_release\addons\ofxOpenCv\libs\opencv\include\opencv2\videoio\cap_winrt.hpp">
      <Filter>addons\ofxOpenCv\libs\opencv\include\opencv2\videoio</Filter>
    </ClInclude>
    <ClInclude Include="..\..\..\of_v0.11.2_vs2017_release\addons\ofxOpenCv\libs\opencv\include\opencv2\videoio\container_avi.private.hpp">
      <Filter>addons\ofxOpenCv\libs\opencv\include\opencv2\videoio</Filter>
    </ClInclude>
    <ClInclude Include="..\..\..\of_v0.11.2_vs2017_release\addons\ofxOpenCv\libs\opencv\include\opencv2\videoio\registry.hpp">
      <Filter>addons\ofxOpenCv\libs\opencv\include\opencv2\videoio</Filter>
    </ClInclude>
    <ClInclude Include="..\..\..\of_v0.11.2_vs2017_release\addons\ofxOpenCv\libs\opencv\include\opencv2\videoio\videoio.hpp">
      <Filter>addons\ofxOpenCv\libs\opencv\include\opencv2\videoio</Filter>
    </ClInclude>
    <ClInclude Include="..\..\..\of_v0.11.2_vs2017_release\addons\ofxOpenCv\libs\opencv\include\opencv2\videoio\legacy\constants_c.h">
      <Filter>addons\ofxOpenCv\libs\opencv\include\opencv2\videoio\legacy</Filter>
    </ClInclude>
    <ClInclude Include="src\InformedRRTstar.h">
      <Filter>src</Filter>
    </ClInclude>
    <ClInclude Include="src\nodeStruct.h">
      <Filter>src</Filter>
    </ClInclude>
    <ClInclude Include="src\obstacle.h">
      <Filter>src</Filter>
    </ClInclude>
    <ClInclude Include="src\Robot.h">
      <Filter>src</Filter>
    </ClInclude>
    <ClInclude Include="src\RRTstar.h">
      <Filter>src</Filter>
    </ClInclude>
    <ClInclude Include="src\RT-RRTstar.h">
      <Filter>src</Filter>
    </ClInclude>
    <ClInclude Include="src\simulationParam.h">
      <Filter>src</Filter>
    </ClInclude>
    <ClInclude Include="src\SMP.h">
      <Filter>src</Filter>
    </ClInclude>
    <ClInclude Include="src\MultiRobot.h">
      <Filter>src</Filter>
    </ClInclude>
    <ClInclude Include="src\Environment.h">
      <Filter>src</Filter>
    </ClInclude>
  </ItemGroup>
  <ItemGroup>
    <ResourceCompile Include="icon.rc" />
  </ItemGroup>
</Project>